{
  "version": 4,
  "terraform_version": "1.9.0",
  "serial": 35,
  "lineage": "acb7d6db-d5a2-cbe9-fafc-13327f395f94",
  "outputs": {},
  "resources": [
    {
      "mode": "data",
      "type": "openstack_images_image_v2",
      "name": "ubuntu",
      "provider": "provider[\"registry.terraform.io/terraform-provider-openstack/openstack\"]",
      "instances": [
        {
          "schema_version": 0,
          "attributes": {
            "checksum": "a5224f2e4fa8656cfaad931dc91ca30d",
            "container_format": "bare",
            "created_at": "2026-04-14T07:11:09Z",
            "disk_format": "raw",
            "file": "/v2/images/3b85a9a8-55a0-4344-aa7c-102730b747e4/file",
            "hidden": false,
            "id": "3b85a9a8-55a0-4344-aa7c-102730b747e4",
            "member_status": null,
            "metadata": {},
            "min_disk_gb": 5,
            "min_ram_mb": 512,
            "most_recent": true,
            "name": "Ubuntu 24.04 LTS 64-bit",
            "name_regex": null,
            "owner": "3acf7ceddc024b86b86ef151e4972805",
            "properties": {
              "direct_url": "rbd://81f5be02-bad3-4155-ab58-909ededc61cc/images/3b85a9a8-55a0-4344-aa7c-102730b747e4/snap",
              "hw_disk_bus": "scsi",
              "hw_qemu_guest_agent": "yes",
              "hw_scsi_model": "virtio-scsi",
              "os_distro": "ubuntu",
              "os_hash_algo": "sha512",
              "os_hash_value": "a55b98034d0a3caf9e02bce9fb4ea30b8663b68db0e2366dbd1956fb72a8cd883a310a29e4e4d69349b83ed375719a20b836f0fc6f6f6fb5b87acc3ebc48ee60",
              "os_type": "linux",
              "stores": "ru-2a,ru-2c",
              "watchdog": "pause",
              "x_cloud_base_image": "true",
              "x_cloud_panel_default_image": "true",
              "x_cloud_sdv_image": "true",
              "x_sel_image_agent_type": "cloud-init",
              "x_sel_image_os_arch": "amd64",
              "x_sel_image_os_dist": "ubuntu",
              "x_sel_image_owner": "Selectel",
              "x_sel_image_source_file": "ubuntu-noble-amd64-selectel-master-product-0.1.img",
              "x_sel_image_type": "master",
              "x_sel_os_type": "linux",
              "x_sel_ssh_required": "true"
            },
            "protected": false,
            "region": "ru-2",
            "schema": "/v2/schemas/image",
            "size_bytes": 2005532672,
            "size_max": null,
            "size_min": null,
            "sort_direction": "asc",
            "sort_key": "name",
            "tag": null,
            "tags": [],
            "updated_at": "2026-04-16T14:21:26Z",
            "visibility": "public"
          },
          "sensitive_attributes": []
        }
      ]
    },
    {
      "mode": "managed",
      "type": "openstack_networking_network_v2",
      "name": "network",
      "provider": "provider[\"registry.terraform.io/terraform-provider-openstack/openstack\"]",
      "instances": [
        {
          "schema_version": 0,
          "attributes": {
            "admin_state_up": true,
            "all_tags": [],
            "availability_zone_hints": [
              "ru-3a"
            ],
            "description": "",
            "dns_domain": "",
            "external": false,
            "id": "a33d70c5-cd2e-44cd-b821-1e89a116d018",
            "mtu": 1500,
            "name": "backend-network",
            "port_security_enabled": true,
            "qos_policy_id": "65545fca-0d0f-4c4b-9337-64a46455d33e",
            "region": "ru-3",
            "segments": [
              {
                "network_type": "vxlan",
                "physical_network": "",
                "segmentation_id": 38663
              }
            ],
            "shared": false,
            "tags": [],
            "tenant_id": "d77a2494d49d417daa2c366a2c4851c0",
            "timeouts": null,
            "transparent_vlan": false,
            "value_specs": null
          },
          "sensitive_attributes": [],
          "private": "eyJlMmJmYjczMC1lY2FhLTExZTYtOGY4OC0zNDM2M2JjN2M0YzAiOnsiY3JlYXRlIjo2MDAwMDAwMDAwMDAsImRlbGV0ZSI6NjAwMDAwMDAwMDAwfX0=",
          "dependencies": [
            "selectel_vpc_project_v2.msk_backend_project"
          ]
        }
      ]
    },
    {
      "mode": "managed",
      "type": "openstack_networking_subnet_v2",
      "name": "subnet",
      "provider": "provider[\"registry.terraform.io/terraform-provider-openstack/openstack\"]",
      "instances": [
        {
          "schema_version": 0,
          "attributes": {
            "all_tags": [],
            "allocation_pool": [
              {
                "end": "192.168.10.254",
                "start": "192.168.10.2"
              }
            ],
            "allocation_pools": [
              {
                "end": "192.168.10.254",
                "start": "192.168.10.2"
              }
            ],
            "cidr": "192.168.10.0/24",
            "description": "",
            "dns_nameservers": [],
            "enable_dhcp": true,
            "gateway_ip": "192.168.10.1",
            "host_routes": [],
            "id": "b49ec1e8-c1d9-4475-842d-00b61ac9ee3f",
            "ip_version": 4,
            "ipv6_address_mode": "",
            "ipv6_ra_mode": "",
            "name": "backend-subnet",
            "network_id": "a33d70c5-cd2e-44cd-b821-1e89a116d018",
            "no_gateway": false,
            "prefix_length": null,
            "region": "ru-3",
            "service_types": [],
            "subnetpool_id": "",
            "tags": [],
            "tenant_id": "d77a2494d49d417daa2c366a2c4851c0",
            "timeouts": null,
            "value_specs": null
          },
          "sensitive_attributes": [],
          "private": "eyJlMmJmYjczMC1lY2FhLTExZTYtOGY4OC0zNDM2M2JjN2M0YzAiOnsiY3JlYXRlIjo2MDAwMDAwMDAwMDAsImRlbGV0ZSI6NjAwMDAwMDAwMDAwfX0=",
          "dependencies": [
            "openstack_networking_network_v2.network",
            "selectel_vpc_project_v2.msk_backend_project"
          ]
        }
      ]
    },
    {
      "mode": "managed",
      "type": "selectel_vpc_project_v2",
      "name": "msk_backend_project",
      "provider": "provider[\"registry.terraform.io/selectel/selectel\"]",
      "instances": [
        {
          "schema_version": 0,
          "attributes": {
            "all_quotas": [
              {
                "resource_name": "cloud_router",
                "resource_quotas": [
                  {
                    "region": "gis-1",
                    "used": 0,
                    "value": 20,
                    "zone": ""
                  },
                  {
                    "region": "gis-2",
                    "used": 0,
                    "value": 20,
                    "zone": ""
                  },
                  {
                    "region": "ke-1",
                    "used": 0,
                    "value": 20,
                    "zone": ""
                  },
                  {
                    "region": "kz-1",
                    "used": 0,
                    "value": 20,
                    "zone": ""
                  },
                  {
                    "region": "ru-1",
                    "used": 0,
                    "value": 20,
                    "zone": ""
                  },
                  {
                    "region": "ru-2",
                    "used": 0,
                    "value": 20,
                    "zone": ""
                  },
                  {
                    "region": "ru-3",
                    "used": 0,
                    "value": 20,
                    "zone": ""
                  },
                  {
                    "region": "ru-6",
                    "used": 0,
                    "value": 20,
                    "zone": ""
                  },
                  {
                    "region": "ru-7",
                    "used": 0,
                    "value": 20,
                    "zone": ""
                  },
                  {
                    "region": "ru-8",
                    "used": 0,
                    "value": 20,
                    "zone": ""
                  },
                  {
                    "region": "ru-9",
                    "used": 0,
                    "value": 20,
                    "zone": ""
                  },
                  {
                    "region": "uz-1",
                    "used": 0,
                    "value": 20,
                    "zone": ""
                  },
                  {
                    "region": "uz-2",
                    "used": 0,
                    "value": 20,
                    "zone": ""
                  }
                ]
              },
              {
                "resource_name": "compute_cores",
                "resource_quotas": [
                  {
                    "region": "gis-1",
                    "used": 0,
                    "value": 600,
                    "zone": "gis-1a"
                  },
                  {
                    "region": "gis-2",
                    "used": 0,
                    "value": 600,
                    "zone": "gis-2a"
                  },
                  {
                    "region": "ke-1",
                    "used": 0,
                    "value": 5,
                    "zone": "ke-1a"
                  },
                  {
                    "region": "kz-1",
                    "used": 0,
                    "value": 600,
                    "zone": "kz-1a"
                  },
                  {
                    "region": "ru-1",
                    "used": 0,
                    "value": 5,
                    "zone": "ru-1a"
                  },
                  {
                    "region": "ru-1",
                    "used": 0,
                    "value": 600,
                    "zone": "ru-1b"
                  },
                  {
                    "region": "ru-1",
                    "used": 0,
                    "value": 600,
                    "zone": "ru-1c"
                  },
                  {
                    "region": "ru-2",
                    "used": 0,
                    "value": 200,
                    "zone": "ru-2c"
                  },
                  {
                    "region": "ru-2",
                    "used": 0,
                    "value": 20,
                    "zone": "ru-2a"
                  },
                  {
                    "region": "ru-2",
                    "used": 0,
                    "value": 20,
                    "zone": "ru-2b"
                  },
                  {
                    "region": "ru-3",
                    "used": 0,
                    "value": 12,
                    "zone": "ru-3a"
                  },
                  {
                    "region": "ru-3",
                    "used": 0,
                    "value": 600,
                    "zone": "ru-3b"
                  },
                  {
                    "region": "ru-6",
                    "used": 0,
                    "value": 600,
                    "zone": "ru-6a"
                  },
                  {
                    "region": "ru-6",
                    "used": 0,
                    "value": 600,
                    "zone": "ru-6b"
                  },
                  {
                    "region": "ru-6",
                    "used": 0,
                    "value": 600,
                    "zone": "ru-6c"
                  },
                  {
                    "region": "ru-7",
                    "used": 0,
                    "value": 600,
                    "zone": "ru-7a"
                  },
                  {
                    "region": "ru-7",
                    "used": 0,
                    "value": 600,
                    "zone": "ru-7b"
                  },
                  {
                    "region": "ru-8",
                    "used": 0,
                    "value": 600,
                    "zone": "ru-8a"
                  },
                  {
                    "region": "ru-9",
                    "used": 0,
                    "value": 600,
                    "zone": "ru-9a"
                  },
                  {
                    "region": "uz-1",
                    "used": 0,
                    "value": 600,
                    "zone": "uz-1a"
                  },
                  {
                    "region": "uz-2",
                    "used": 0,
                    "value": 600,
                    "zone": "uz-2a"
                  }
                ]
              },
              {
                "resource_name": "compute_pci_gpu_6000_ada",
                "resource_quotas": [
                  {
                    "region": "ru-7",
                    "used": 0,
                    "value": 32,
                    "zone": "ru-7b"
                  }
                ]
              },
              {
                "resource_name": "compute_pci_gpu_a100",
                "resource_quotas": [
                  {
                    "region": "ru-7",
                    "used": 0,
                    "value": 32,
                    "zone": "ru-7a"
                  },
                  {
                    "region": "ru-9",
                    "used": 0,
                    "value": 32,
                    "zone": "ru-9a"
                  }
                ]
              },
              {
                "resource_name": "compute_pci_gpu_a100_80",
                "resource_quotas": [
                  {
                    "region": "ru-7",
                    "used": 0,
                    "value": 32,
                    "zone": "ru-7b"
                  },
                  {
                    "region": "uz-2",
                    "used": 0,
                    "value": 32,
                    "zone": "uz-2a"
                  }
                ]
              },
              {
                "resource_name": "compute_pci_gpu_a2",
                "resource_quotas": [
                  {
                    "region": "ru-7",
                    "used": 0,
                    "value": 32,
                    "zone": "ru-7a"
                  }
                ]
              },
              {
                "resource_name": "compute_pci_gpu_a2000",
                "resource_quotas": [
                  {
                    "region": "ru-7",
                    "used": 0,
                    "value": 32,
                    "zone": "ru-7a"
                  },
                  {
                    "region": "ru-7",
                    "used": 0,
                    "value": 32,
                    "zone": "ru-7b"
                  }
                ]
              },
              {
                "resource_name": "compute_pci_gpu_a30",
                "resource_quotas": [
                  {
                    "region": "ru-7",
                    "used": 0,
                    "value": 32,
                    "zone": "ru-7a"
                  }
                ]
              },
              {
                "resource_name": "compute_pci_gpu_a5000",
                "resource_quotas": [
                  {
                    "region": "kz-1",
                    "used": 0,
                    "value": 32,
                    "zone": "kz-1a"
                  },
                  {
                    "region": "ru-7",
                    "used": 0,
                    "value": 32,
                    "zone": "ru-7a"
                  },
                  {
                    "region": "ru-7",
                    "used": 0,
                    "value": 32,
                    "zone": "ru-7b"
                  },
                  {
                    "region": "uz-2",
                    "used": 0,
                    "value": 32,
                    "zone": "uz-2a"
                  }
                ]
              },
              {
                "resource_name": "compute_pci_gpu_b300_hgx",
                "resource_quotas": [
                  {
                    "region": "ru-6",
                    "used": 0,
                    "value": 0,
                    "zone": "ru-6a"
                  }
                ]
              },
              {
                "resource_name": "compute_pci_gpu_gtx1080",
                "resource_quotas": [
                  {
                    "region": "ru-1",
                    "used": 0,
                    "value": 32,
                    "zone": "ru-1a"
                  },
                  {
                    "region": "ru-1",
                    "used": 0,
                    "value": 32,
                    "zone": "ru-1b"
                  },
                  {
                    "region": "ru-1",
                    "used": 0,
                    "value": 32,
                    "zone": "ru-1c"
                  },
                  {
                    "region": "ru-2",
                    "used": 0,
                    "value": 32,
                    "zone": "ru-2b"
                  },
                  {
                    "region": "ru-3",
                    "used": 0,
                    "value": 32,
                    "zone": "ru-3a"
                  },
                  {
                    "region": "ru-3",
                    "used": 0,
                    "value": 32,
                    "zone": "ru-3b"
                  },
                  {
                    "region": "ru-7",
                    "used": 0,
                    "value": 32,
                    "zone": "ru-7a"
                  },
                  {
                    "region": "ru-8",
                    "used": 0,
                    "value": 8,
                    "zone": "ru-8a"
                  },
                  {
                    "region": "ru-9",
                    "used": 0,
                    "value": 32,
                    "zone": "ru-9a"
                  }
                ]
              },
              {
                "resource_name": "compute_pci_gpu_h100",
                "resource_quotas": [
                  {
                    "region": "ru-7",
                    "used": 0,
                    "value": 32,
                    "zone": "ru-7b"
                  }
                ]
              },
              {
                "resource_name": "compute_pci_gpu_h200",
                "resource_quotas": [
                  {
                    "region": "ru-6",
                    "used": 0,
                    "value": 32,
                    "zone": "ru-6a"
                  },
                  {
                    "region": "ru-6",
                    "used": 0,
                    "value": 32,
                    "zone": "ru-6b"
                  },
                  {
                    "region": "ru-6",
                    "used": 0,
                    "value": 32,
                    "zone": "ru-6c"
                  },
                  {
                    "region": "ru-7",
                    "used": 0,
                    "value": 32,
                    "zone": "ru-7b"
                  }
                ]
              },
              {
                "resource_name": "compute_pci_gpu_l4",
                "resource_quotas": [
                  {
                    "region": "ru-6",
                    "used": 0,
                    "value": 32,
                    "zone": "ru-6a"
                  },
                  {
                    "region": "ru-7",
                    "used": 0,
                    "value": 32,
                    "zone": "ru-7a"
                  }
                ]
              },
              {
                "resource_name": "compute_pci_gpu_rtx2080ti",
                "resource_quotas": [
                  {
                    "region": "ru-7",
                    "used": 0,
                    "value": 32,
                    "zone": "ru-7b"
                  }
                ]
              },
              {
                "resource_name": "compute_pci_gpu_rtx4090",
                "resource_quotas": [
                  {
                    "region": "ru-6",
                    "used": 0,
                    "value": 0,
                    "zone": "ru-6b"
                  },
                  {
                    "region": "ru-6",
                    "used": 0,
                    "value": 0,
                    "zone": "ru-6c"
                  },
                  {
                    "region": "ru-6",
                    "used": 0,
                    "value": 32,
                    "zone": "ru-6a"
                  },
                  {
                    "region": "ru-7",
                    "used": 0,
                    "value": 32,
                    "zone": "ru-7b"
                  }
                ]
              },
              {
                "resource_name": "compute_pci_gpu_rtx4090_48",
                "resource_quotas": [
                  {
                    "region": "ru-6",
                    "used": 0,
                    "value": 0,
                    "zone": "ru-6b"
                  },
                  {
                    "region": "ru-6",
                    "used": 0,
                    "value": 0,
                    "zone": "ru-6c"
                  },
                  {
                    "region": "ru-6",
                    "used": 0,
                    "value": 32,
                    "zone": "ru-6a"
                  }
                ]
              },
              {
                "resource_name": "compute_pci_gpu_rtx6000pro",
                "resource_quotas": [
                  {
                    "region": "ru-6",
                    "used": 0,
                    "value": 32,
                    "zone": "ru-6a"
                  },
                  {
                    "region": "ru-6",
                    "used": 0,
                    "value": 32,
                    "zone": "ru-6b"
                  },
                  {
                    "region": "ru-6",
                    "used": 0,
                    "value": 32,
                    "zone": "ru-6c"
                  },
                  {
                    "region": "ru-7",
                    "used": 0,
                    "value": 32,
                    "zone": "ru-7a"
                  },
                  {
                    "region": "ru-7",
                    "used": 0,
                    "value": 32,
                    "zone": "ru-7b"
                  }
                ]
              },
              {
                "resource_name": "compute_pci_gpu_t4",
                "resource_quotas": [
                  {
                    "region": "gis-2",
                    "used": 0,
                    "value": 32,
                    "zone": "gis-2a"
                  },
                  {
                    "region": "ru-2",
                    "used": 0,
                    "value": 32,
                    "zone": "ru-2c"
                  },
                  {
                    "region": "ru-3",
                    "used": 0,
                    "value": 32,
                    "zone": "ru-3b"
                  },
                  {
                    "region": "ru-7",
                    "used": 0,
                    "value": 32,
                    "zone": "ru-7a"
                  },
                  {
                    "region": "ru-9",
                    "used": 0,
                    "value": 32,
                    "zone": "ru-9a"
                  }
                ]
              },
              {
                "resource_name": "compute_ram",
                "resource_quotas": [
                  {
                    "region": "gis-1",
                    "used": 0,
                    "value": 524288,
                    "zone": "gis-1a"
                  },
                  {
                    "region": "gis-2",
                    "used": 0,
                    "value": 524288,
                    "zone": "gis-2a"
                  },
                  {
                    "region": "ke-1",
                    "used": 0,
                    "value": 16384,
                    "zone": "ke-1a"
                  },
                  {
                    "region": "kz-1",
                    "used": 0,
                    "value": 524288,
                    "zone": "kz-1a"
                  },
                  {
                    "region": "ru-1",
                    "used": 0,
                    "value": 0,
                    "zone": "ru-1a"
                  },
                  {
                    "region": "ru-1",
                    "used": 0,
                    "value": 5120000,
                    "zone": "ru-1b"
                  },
                  {
                    "region": "ru-1",
                    "used": 0,
                    "value": 5120000,
                    "zone": "ru-1c"
                  },
                  {
                    "region": "ru-2",
                    "used": 0,
                    "value": 262144,
                    "zone": "ru-2a"
                  },
                  {
                    "region": "ru-2",
                    "used": 0,
                    "value": 262144,
                    "zone": "ru-2b"
                  },
                  {
                    "region": "ru-2",
                    "used": 0,
                    "value": 524288,
                    "zone": "ru-2c"
                  },
                  {
                    "region": "ru-3",
                    "used": 0,
                    "value": 20480,
                    "zone": "ru-3a"
                  },
                  {
                    "region": "ru-3",
                    "used": 0,
                    "value": 5120000,
                    "zone": "ru-3b"
                  },
                  {
                    "region": "ru-6",
                    "used": 0,
                    "value": 5120000,
                    "zone": "ru-6a"
                  },
                  {
                    "region": "ru-6",
                    "used": 0,
                    "value": 5120000,
                    "zone": "ru-6b"
                  },
                  {
                    "region": "ru-6",
                    "used": 0,
                    "value": 5120000,
                    "zone": "ru-6c"
                  },
                  {
                    "region": "ru-7",
                    "used": 0,
                    "value": 5120000,
                    "zone": "ru-7a"
                  },
                  {
                    "region": "ru-7",
                    "used": 0,
                    "value": 5120000,
                    "zone": "ru-7b"
                  },
                  {
                    "region": "ru-8",
                    "used": 0,
                    "value": 5120000,
                    "zone": "ru-8a"
                  },
                  {
                    "region": "ru-9",
                    "used": 0,
                    "value": 5120000,
                    "zone": "ru-9a"
                  },
                  {
                    "region": "uz-1",
                    "used": 0,
                    "value": 524288,
                    "zone": "uz-1a"
                  },
                  {
                    "region": "uz-2",
                    "used": 0,
                    "value": 524288,
                    "zone": "uz-2a"
                  }
                ]
              },
              {
                "resource_name": "dbaas_compute_cores",
                "resource_quotas": [
                  {
                    "region": "ke-1",
                    "used": 0,
                    "value": 600,
                    "zone": ""
                  },
                  {
                    "region": "kz-1",
                    "used": 0,
                    "value": 600,
                    "zone": ""
                  },
                  {
                    "region": "ru-1",
                    "used": 0,
                    "value": 100000,
                    "zone": ""
                  },
                  {
                    "region": "ru-2",
                    "used": 0,
                    "value": 600,
                    "zone": ""
                  },
                  {
                    "region": "ru-3",
                    "used": 0,
                    "value": 600,
                    "zone": ""
                  },
                  {
                    "region": "ru-6",
                    "used": 0,
                    "value": 600,
                    "zone": ""
                  },
                  {
                    "region": "ru-7",
                    "used": 0,
                    "value": 600,
                    "zone": ""
                  },
                  {
                    "region": "ru-9",
                    "used": 0,
                    "value": 600,
                    "zone": ""
                  },
                  {
                    "region": "uz-1",
                    "used": 0,
                    "value": 75,
                    "zone": ""
                  },
                  {
                    "region": "uz-2",
                    "used": 0,
                    "value": 600,
                    "zone": ""
                  }
                ]
              },
              {
                "resource_name": "dbaas_compute_ram",
                "resource_quotas": [
                  {
                    "region": "ke-1",
                    "used": 0,
                    "value": 5120000,
                    "zone": ""
                  },
                  {
                    "region": "kz-1",
                    "used": 0,
                    "value": 5120000,
                    "zone": ""
                  },
                  {
                    "region": "ru-1",
                    "used": 0,
                    "value": 5120000,
                    "zone": ""
                  },
                  {
                    "region": "ru-2",
                    "used": 0,
                    "value": 5120000,
                    "zone": ""
                  },
                  {
                    "region": "ru-3",
                    "used": 0,
                    "value": 5120000,
                    "zone": ""
                  },
                  {
                    "region": "ru-6",
                    "used": 0,
                    "value": 5120000,
                    "zone": ""
                  },
                  {
                    "region": "ru-7",
                    "used": 0,
                    "value": 5120000,
                    "zone": ""
                  },
                  {
                    "region": "ru-9",
                    "used": 0,
                    "value": 5120000,
                    "zone": ""
                  },
                  {
                    "region": "uz-1",
                    "used": 0,
                    "value": 262144,
                    "zone": ""
                  },
                  {
                    "region": "uz-2",
                    "used": 0,
                    "value": 5120000,
                    "zone": ""
                  }
                ]
              },
              {
                "resource_name": "dbaas_volume_gigabytes_local",
                "resource_quotas": [
                  {
                    "region": "ke-1",
                    "used": 0,
                    "value": 5000,
                    "zone": ""
                  },
                  {
                    "region": "kz-1",
                    "used": 0,
                    "value": 5000,
                    "zone": ""
                  },
                  {
                    "region": "ru-1",
                    "used": 0,
                    "value": 5000,
                    "zone": ""
                  },
                  {
                    "region": "ru-2",
                    "used": 0,
                    "value": 5000,
                    "zone": ""
                  },
                  {
                    "region": "ru-3",
                    "used": 0,
                    "value": 100000,
                    "zone": ""
                  },
                  {
                    "region": "ru-6",
                    "used": 0,
                    "value": 5000,
                    "zone": ""
                  },
                  {
                    "region": "ru-7",
                    "used": 0,
                    "value": 100000,
                    "zone": ""
                  },
                  {
                    "region": "ru-9",
                    "used": 0,
                    "value": 100000,
                    "zone": ""
                  },
                  {
                    "region": "uz-1",
                    "used": 0,
                    "value": 2000,
                    "zone": ""
                  },
                  {
                    "region": "uz-2",
                    "used": 0,
                    "value": 5000,
                    "zone": ""
                  }
                ]
              },
              {
                "resource_name": "dbaas_volume_gigabytes_network_ultra",
                "resource_quotas": [
                  {
                    "region": "ke-1",
                    "used": 0,
                    "value": 1000,
                    "zone": ""
                  },
                  {
                    "region": "kz-1",
                    "used": 0,
                    "value": 5000,
                    "zone": ""
                  },
                  {
                    "region": "ru-1",
                    "used": 0,
                    "value": 1000,
                    "zone": ""
                  },
                  {
                    "region": "ru-2",
                    "used": 0,
                    "value": 1000,
                    "zone": ""
                  },
                  {
                    "region": "ru-3",
                    "used": 0,
                    "value": 5000,
                    "zone": ""
                  },
                  {
                    "region": "ru-6",
                    "used": 0,
                    "value": 5000,
                    "zone": ""
                  },
                  {
                    "region": "ru-7",
                    "used": 0,
                    "value": 5000,
                    "zone": ""
                  },
                  {
                    "region": "ru-9",
                    "used": 0,
                    "value": 5000,
                    "zone": ""
                  },
                  {
                    "region": "uz-1",
                    "used": 0,
                    "value": 2000,
                    "zone": ""
                  },
                  {
                    "region": "uz-2",
                    "used": 0,
                    "value": 5000,
                    "zone": ""
                  }
                ]
              },
              {
                "resource_name": "image_gigabytes",
                "resource_quotas": [
                  {
                    "region": "gis-1",
                    "used": 0,
                    "value": 10000,
                    "zone": ""
                  },
                  {
                    "region": "gis-2",
                    "used": 0,
                    "value": 10000,
                    "zone": ""
                  },
                  {
                    "region": "ke-1",
                    "used": 0,
                    "value": 10000,
                    "zone": ""
                  },
                  {
                    "region": "kz-1",
                    "used": 0,
                    "value": 10000,
                    "zone": ""
                  },
                  {
                    "region": "ru-1",
                    "used": 0,
                    "value": 150000,
                    "zone": ""
                  },
                  {
                    "region": "ru-2",
                    "used": 0,
                    "value": 150000,
                    "zone": ""
                  },
                  {
                    "region": "ru-3",
                    "used": 0,
                    "value": 150000,
                    "zone": ""
                  },
                  {
                    "region": "ru-6",
                    "used": 0,
                    "value": 150000,
                    "zone": ""
                  },
                  {
                    "region": "ru-7",
                    "used": 0,
                    "value": 150000,
                    "zone": ""
                  },
                  {
                    "region": "ru-8",
                    "used": 0,
                    "value": 150000,
                    "zone": ""
                  },
                  {
                    "region": "ru-9",
                    "used": 0,
                    "value": 150000,
                    "zone": ""
                  },
                  {
                    "region": "uz-1",
                    "used": 0,
                    "value": 10000,
                    "zone": ""
                  },
                  {
                    "region": "uz-2",
                    "used": 0,
                    "value": 10000,
                    "zone": ""
                  }
                ]
              },
              {
                "resource_name": "inference_service_compute_cores",
                "resource_quotas": [
                  {
                    "region": "ru-7",
                    "used": 0,
                    "value": 64,
                    "zone": ""
                  }
                ]
              },
              {
                "resource_name": "inference_service_compute_cores_hifreq",
                "resource_quotas": [
                  {
                    "region": "ru-7",
                    "used": 0,
                    "value": 64,
                    "zone": ""
                  }
                ]
              },
              {
                "resource_name": "inference_service_compute_ram",
                "resource_quotas": [
                  {
                    "region": "ru-7",
                    "used": 0,
                    "value": 1048576,
                    "zone": ""
                  }
                ]
              },
              {
                "resource_name": "inference_service_compute_ram_hifreq",
                "resource_quotas": [
                  {
                    "region": "ru-7",
                    "used": 0,
                    "value": 1048576,
                    "zone": ""
                  }
                ]
              },
              {
                "resource_name": "inference_service_gpu_nvidia_a100_40",
                "resource_quotas": [
                  {
                    "region": "ru-7",
                    "used": 0,
                    "value": 1,
                    "zone": ""
                  }
                ]
              },
              {
                "resource_name": "inference_service_gpu_nvidia_a100_80",
                "resource_quotas": [
                  {
                    "region": "ru-7",
                    "used": 0,
                    "value": 1,
                    "zone": ""
                  }
                ]
              },
              {
                "resource_name": "inference_service_gpu_nvidia_a2000_6",
                "resource_quotas": [
                  {
                    "region": "ru-7",
                    "used": 0,
                    "value": 1,
                    "zone": ""
                  }
                ]
              },
              {
                "resource_name": "inference_service_gpu_nvidia_a2_16",
                "resource_quotas": [
                  {
                    "region": "ru-7",
                    "used": 0,
                    "value": 1,
                    "zone": ""
                  }
                ]
              },
              {
                "resource_name": "inference_service_gpu_nvidia_a30_24",
                "resource_quotas": [
                  {
                    "region": "ru-7",
                    "used": 0,
                    "value": 1,
                    "zone": ""
                  }
                ]
              },
              {
                "resource_name": "inference_service_gpu_nvidia_a5000_24",
                "resource_quotas": [
                  {
                    "region": "ru-7",
                    "used": 0,
                    "value": 2,
                    "zone": ""
                  }
                ]
              },
              {
                "resource_name": "inference_service_gpu_nvidia_h100_80",
                "resource_quotas": [
                  {
                    "region": "ru-7",
                    "used": 0,
                    "value": 1,
                    "zone": ""
                  }
                ]
              },
              {
                "resource_name": "inference_service_gpu_nvidia_h200_141",
                "resource_quotas": [
                  {
                    "region": "ru-7",
                    "used": 0,
                    "value": 1,
                    "zone": ""
                  }
                ]
              },
              {
                "resource_name": "inference_service_gpu_nvidia_l4_24",
                "resource_quotas": [
                  {
                    "region": "ru-7",
                    "used": 0,
                    "value": 2,
                    "zone": ""
                  }
                ]
              },
              {
                "resource_name": "inference_service_gpu_nvidia_rtx4090_24",
                "resource_quotas": [
                  {
                    "region": "ru-7",
                    "used": 0,
                    "value": 1,
                    "zone": ""
                  }
                ]
              },
              {
                "resource_name": "inference_service_gpu_nvidia_rtx6000_ada_48",
                "resource_quotas": [
                  {
                    "region": "ru-7",
                    "used": 0,
                    "value": 1,
                    "zone": ""
                  }
                ]
              },
              {
                "resource_name": "inference_service_gpu_nvidia_rtx6000pro_96",
                "resource_quotas": [
                  {
                    "region": "ru-7",
                    "used": 0,
                    "value": 2,
                    "zone": ""
                  }
                ]
              },
              {
                "resource_name": "inference_service_gpu_nvidia_t4_16",
                "resource_quotas": [
                  {
                    "region": "ru-7",
                    "used": 0,
                    "value": 1,
                    "zone": ""
                  }
                ]
              },
              {
                "resource_name": "inference_service_volume_fast",
                "resource_quotas": [
                  {
                    "region": "ru-7",
                    "used": 0,
                    "value": 2048,
                    "zone": ""
                  }
                ]
              },
              {
                "resource_name": "license_windows_2012_standard",
                "resource_quotas": [
                  {
                    "region": "gis-1",
                    "used": 0,
                    "value": 0,
                    "zone": ""
                  },
                  {
                    "region": "ke-1",
                    "used": 0,
                    "value": 0,
                    "zone": ""
                  },
                  {
                    "region": "kz-1",
                    "used": 0,
                    "value": 0,
                    "zone": ""
                  },
                  {
                    "region": "ru-1",
                    "used": 0,
                    "value": 0,
                    "zone": ""
                  },
                  {
                    "region": "ru-2",
                    "used": 0,
                    "value": 0,
                    "zone": ""
                  },
                  {
                    "region": "ru-3",
                    "used": 0,
                    "value": 0,
                    "zone": ""
                  },
                  {
                    "region": "ru-7",
                    "used": 0,
                    "value": 0,
                    "zone": ""
                  },
                  {
                    "region": "ru-8",
                    "used": 0,
                    "value": 0,
                    "zone": ""
                  },
                  {
                    "region": "ru-9",
                    "used": 0,
                    "value": 0,
                    "zone": ""
                  },
                  {
                    "region": "uz-1",
                    "used": 0,
                    "value": 0,
                    "zone": ""
                  },
                  {
                    "region": "uz-2",
                    "used": 0,
                    "value": 0,
                    "zone": ""
                  }
                ]
              },
              {
                "resource_name": "license_windows_2016_standard",
                "resource_quotas": [
                  {
                    "region": "gis-1",
                    "used": 0,
                    "value": 0,
                    "zone": ""
                  },
                  {
                    "region": "ke-1",
                    "used": 0,
                    "value": 0,
                    "zone": ""
                  },
                  {
                    "region": "kz-1",
                    "used": 0,
                    "value": 0,
                    "zone": ""
                  },
                  {
                    "region": "ru-1",
                    "used": 0,
                    "value": 0,
                    "zone": ""
                  },
                  {
                    "region": "ru-2",
                    "used": 0,
                    "value": 0,
                    "zone": ""
                  },
                  {
                    "region": "ru-3",
                    "used": 0,
                    "value": 0,
                    "zone": ""
                  },
                  {
                    "region": "ru-7",
                    "used": 0,
                    "value": 0,
                    "zone": ""
                  },
                  {
                    "region": "ru-8",
                    "used": 0,
                    "value": 0,
                    "zone": ""
                  },
                  {
                    "region": "ru-9",
                    "used": 0,
                    "value": 0,
                    "zone": ""
                  },
                  {
                    "region": "uz-1",
                    "used": 0,
                    "value": 0,
                    "zone": ""
                  },
                  {
                    "region": "uz-2",
                    "used": 0,
                    "value": 0,
                    "zone": ""
                  }
                ]
              },
              {
                "resource_name": "license_windows_2019_standard",
                "resource_quotas": [
                  {
                    "region": "gis-1",
                    "used": 0,
                    "value": 0,
                    "zone": ""
                  },
                  {
                    "region": "ke-1",
                    "used": 0,
                    "value": 0,
                    "zone": ""
                  },
                  {
                    "region": "kz-1",
                    "used": 0,
                    "value": 0,
                    "zone": ""
                  },
                  {
                    "region": "ru-1",
                    "used": 0,
                    "value": 0,
                    "zone": ""
                  },
                  {
                    "region": "ru-2",
                    "used": 0,
                    "value": 0,
                    "zone": ""
                  },
                  {
                    "region": "ru-3",
                    "used": 0,
                    "value": 0,
                    "zone": ""
                  },
                  {
                    "region": "ru-7",
                    "used": 0,
                    "value": 0,
                    "zone": ""
                  },
                  {
                    "region": "ru-8",
                    "used": 0,
                    "value": 0,
                    "zone": ""
                  },
                  {
                    "region": "ru-9",
                    "used": 0,
                    "value": 0,
                    "zone": ""
                  },
                  {
                    "region": "uz-1",
                    "used": 0,
                    "value": 0,
                    "zone": ""
                  },
                  {
                    "region": "uz-2",
                    "used": 0,
                    "value": 0,
                    "zone": ""
                  }
                ]
              },
              {
                "resource_name": "load_balancers",
                "resource_quotas": [
                  {
                    "region": "gis-1",
                    "used": 0,
                    "value": 100,
                    "zone": ""
                  },
                  {
                    "region": "gis-2",
                    "used": 0,
                    "value": 100,
                    "zone": ""
                  },
                  {
                    "region": "ke-1",
                    "used": 0,
                    "value": 100,
                    "zone": ""
                  },
                  {
                    "region": "kz-1",
                    "used": 0,
                    "value": 100,
                    "zone": ""
                  },
                  {
                    "region": "ru-1",
                    "used": 0,
                    "value": 100,
                    "zone": ""
                  },
                  {
                    "region": "ru-2",
                    "used": 0,
                    "value": 100,
                    "zone": ""
                  },
                  {
                    "region": "ru-3",
                    "used": 0,
                    "value": 100,
                    "zone": ""
                  },
                  {
                    "region": "ru-6",
                    "used": 0,
                    "value": 100,
                    "zone": ""
                  },
                  {
                    "region": "ru-7",
                    "used": 0,
                    "value": 100,
                    "zone": ""
                  },
                  {
                    "region": "ru-8",
                    "used": 0,
                    "value": 100,
                    "zone": ""
                  },
                  {
                    "region": "ru-9",
                    "used": 0,
                    "value": 100,
                    "zone": ""
                  },
                  {
                    "region": "uz-1",
                    "used": 0,
                    "value": 100,
                    "zone": ""
                  },
                  {
                    "region": "uz-2",
                    "used": 0,
                    "value": 100,
                    "zone": ""
                  }
                ]
              },
              {
                "resource_name": "mks_cluster_high_availability_multi_az",
                "resource_quotas": [
                  {
                    "region": "ru-6",
                    "used": 0,
                    "value": 20,
                    "zone": ""
                  }
                ]
              },
              {
                "resource_name": "mks_cluster_regional",
                "resource_quotas": [
                  {
                    "region": "ke-1",
                    "used": 0,
                    "value": 20,
                    "zone": ""
                  },
                  {
                    "region": "kz-1",
                    "used": 0,
                    "value": 20,
                    "zone": ""
                  },
                  {
                    "region": "ru-1",
                    "used": 0,
                    "value": 200,
                    "zone": ""
                  },
                  {
                    "region": "ru-2",
                    "used": 0,
                    "value": 200,
                    "zone": ""
                  },
                  {
                    "region": "ru-3",
                    "used": 0,
                    "value": 200,
                    "zone": ""
                  },
                  {
                    "region": "ru-7",
                    "used": 0,
                    "value": 200,
                    "zone": ""
                  },
                  {
                    "region": "ru-8",
                    "used": 0,
                    "value": 200,
                    "zone": ""
                  },
                  {
                    "region": "ru-9",
                    "used": 0,
                    "value": 200,
                    "zone": ""
                  },
                  {
                    "region": "uz-1",
                    "used": 0,
                    "value": 20,
                    "zone": ""
                  },
                  {
                    "region": "uz-2",
                    "used": 0,
                    "value": 20,
                    "zone": ""
                  }
                ]
              },
              {
                "resource_name": "mks_cluster_zonal",
                "resource_quotas": [
                  {
                    "region": "ke-1",
                    "used": 0,
                    "value": 20,
                    "zone": ""
                  },
                  {
                    "region": "kz-1",
                    "used": 0,
                    "value": 20,
                    "zone": ""
                  },
                  {
                    "region": "ru-1",
                    "used": 0,
                    "value": 200,
                    "zone": ""
                  },
                  {
                    "region": "ru-2",
                    "used": 0,
                    "value": 200,
                    "zone": ""
                  },
                  {
                    "region": "ru-3",
                    "used": 0,
                    "value": 200,
                    "zone": ""
                  },
                  {
                    "region": "ru-6",
                    "used": 0,
                    "value": 20,
                    "zone": ""
                  },
                  {
                    "region": "ru-7",
                    "used": 0,
                    "value": 200,
                    "zone": ""
                  },
                  {
                    "region": "ru-8",
                    "used": 0,
                    "value": 200,
                    "zone": ""
                  },
                  {
                    "region": "ru-9",
                    "used": 0,
                    "value": 200,
                    "zone": ""
                  },
                  {
                    "region": "uz-1",
                    "used": 0,
                    "value": 20,
                    "zone": ""
                  },
                  {
                    "region": "uz-2",
                    "used": 0,
                    "value": 20,
                    "zone": ""
                  }
                ]
              },
              {
                "resource_name": "network_direct_public_ips",
                "resource_quotas": [
                  {
                    "region": "gis-1",
                    "used": 0,
                    "value": 20,
                    "zone": ""
                  },
                  {
                    "region": "gis-2",
                    "used": 0,
                    "value": 20,
                    "zone": ""
                  },
                  {
                    "region": "ke-1",
                    "used": 0,
                    "value": 20,
                    "zone": ""
                  },
                  {
                    "region": "kz-1",
                    "used": 0,
                    "value": 20,
                    "zone": ""
                  },
                  {
                    "region": "ru-1",
                    "used": 0,
                    "value": 20,
                    "zone": ""
                  },
                  {
                    "region": "ru-2",
                    "used": 0,
                    "value": 20,
                    "zone": ""
                  },
                  {
                    "region": "ru-3",
                    "used": 0,
                    "value": 20,
                    "zone": ""
                  },
                  {
                    "region": "ru-6",
                    "used": 0,
                    "value": 20,
                    "zone": ""
                  },
                  {
                    "region": "ru-7",
                    "used": 0,
                    "value": 20,
                    "zone": ""
                  },
                  {
                    "region": "ru-8",
                    "used": 0,
                    "value": 20,
                    "zone": ""
                  },
                  {
                    "region": "ru-9",
                    "used": 0,
                    "value": 20,
                    "zone": ""
                  },
                  {
                    "region": "uz-2",
                    "used": 0,
                    "value": 20,
                    "zone": ""
                  }
                ]
              },
              {
                "resource_name": "network_floatingips",
                "resource_quotas": [
                  {
                    "region": "gis-1",
                    "used": 0,
                    "value": 12,
                    "zone": ""
                  },
                  {
                    "region": "gis-2",
                    "used": 0,
                    "value": 12,
                    "zone": ""
                  },
                  {
                    "region": "ke-1",
                    "used": 0,
                    "value": 12,
                    "zone": ""
                  },
                  {
                    "region": "kz-1",
                    "used": 0,
                    "value": 12,
                    "zone": ""
                  },
                  {
                    "region": "ru-1",
                    "used": 0,
                    "value": 12,
                    "zone": ""
                  },
                  {
                    "region": "ru-2",
                    "used": 0,
                    "value": 12,
                    "zone": ""
                  },
                  {
                    "region": "ru-3",
                    "used": 0,
                    "value": 12,
                    "zone": ""
                  },
                  {
                    "region": "ru-6",
                    "used": 0,
                    "value": 12,
                    "zone": ""
                  },
                  {
                    "region": "ru-7",
                    "used": 0,
                    "value": 12,
                    "zone": ""
                  },
                  {
                    "region": "ru-8",
                    "used": 0,
                    "value": 12,
                    "zone": ""
                  },
                  {
                    "region": "ru-9",
                    "used": 0,
                    "value": 12,
                    "zone": ""
                  },
                  {
                    "region": "uz-1",
                    "used": 0,
                    "value": 12,
                    "zone": ""
                  },
                  {
                    "region": "uz-2",
                    "used": 0,
                    "value": 12,
                    "zone": ""
                  }
                ]
              },
              {
                "resource_name": "network_subnets_24",
                "resource_quotas": [
                  {
                    "region": "gis-1",
                    "used": 0,
                    "value": 0,
                    "zone": ""
                  },
                  {
                    "region": "gis-2",
                    "used": 0,
                    "value": 0,
                    "zone": ""
                  },
                  {
                    "region": "ke-1",
                    "used": 0,
                    "value": 0,
                    "zone": ""
                  },
                  {
                    "region": "kz-1",
                    "used": 0,
                    "value": 0,
                    "zone": ""
                  },
                  {
                    "region": "ru-1",
                    "used": 0,
                    "value": 0,
                    "zone": ""
                  },
                  {
                    "region": "ru-2",
                    "used": 0,
                    "value": 0,
                    "zone": ""
                  },
                  {
                    "region": "ru-3",
                    "used": 0,
                    "value": 0,
                    "zone": ""
                  },
                  {
                    "region": "ru-6",
                    "used": 0,
                    "value": 0,
                    "zone": ""
                  },
                  {
                    "region": "ru-7",
                    "used": 0,
                    "value": 0,
                    "zone": ""
                  },
                  {
                    "region": "ru-8",
                    "used": 0,
                    "value": 0,
                    "zone": ""
                  },
                  {
                    "region": "ru-9",
                    "used": 0,
                    "value": 0,
                    "zone": ""
                  },
                  {
                    "region": "uz-1",
                    "used": 0,
                    "value": 0,
                    "zone": ""
                  },
                  {
                    "region": "uz-2",
                    "used": 0,
                    "value": 0,
                    "zone": ""
                  }
                ]
              },
              {
                "resource_name": "network_subnets_25",
                "resource_quotas": [
                  {
                    "region": "gis-1",
                    "used": 0,
                    "value": 0,
                    "zone": ""
                  },
                  {
                    "region": "gis-2",
                    "used": 0,
                    "value": 0,
                    "zone": ""
                  },
                  {
                    "region": "ke-1",
                    "used": 0,
                    "value": 0,
                    "zone": ""
                  },
                  {
                    "region": "kz-1",
                    "used": 0,
                    "value": 0,
                    "zone": ""
                  },
                  {
                    "region": "ru-1",
                    "used": 0,
                    "value": 0,
                    "zone": ""
                  },
                  {
                    "region": "ru-2",
                    "used": 0,
                    "value": 0,
                    "zone": ""
                  },
                  {
                    "region": "ru-3",
                    "used": 0,
                    "value": 0,
                    "zone": ""
                  },
                  {
                    "region": "ru-6",
                    "used": 0,
                    "value": 0,
                    "zone": ""
                  },
                  {
                    "region": "ru-7",
                    "used": 0,
                    "value": 0,
                    "zone": ""
                  },
                  {
                    "region": "ru-8",
                    "used": 0,
                    "value": 0,
                    "zone": ""
                  },
                  {
                    "region": "ru-9",
                    "used": 0,
                    "value": 0,
                    "zone": ""
                  },
                  {
                    "region": "uz-1",
                    "used": 0,
                    "value": 0,
                    "zone": ""
                  },
                  {
                    "region": "uz-2",
                    "used": 0,
                    "value": 0,
                    "zone": ""
                  }
                ]
              },
              {
                "resource_name": "network_subnets_26",
                "resource_quotas": [
                  {
                    "region": "gis-1",
                    "used": 0,
                    "value": 0,
                    "zone": ""
                  },
                  {
                    "region": "gis-2",
                    "used": 0,
                    "value": 0,
                    "zone": ""
                  },
                  {
                    "region": "ke-1",
                    "used": 0,
                    "value": 0,
                    "zone": ""
                  },
                  {
                    "region": "kz-1",
                    "used": 0,
                    "value": 0,
                    "zone": ""
                  },
                  {
                    "region": "ru-1",
                    "used": 0,
                    "value": 0,
                    "zone": ""
                  },
                  {
                    "region": "ru-2",
                    "used": 0,
                    "value": 0,
                    "zone": ""
                  },
                  {
                    "region": "ru-3",
                    "used": 0,
                    "value": 0,
                    "zone": ""
                  },
                  {
                    "region": "ru-6",
                    "used": 0,
                    "value": 0,
                    "zone": ""
                  },
                  {
                    "region": "ru-7",
                    "used": 0,
                    "value": 0,
                    "zone": ""
                  },
                  {
                    "region": "ru-8",
                    "used": 0,
                    "value": 0,
                    "zone": ""
                  },
                  {
                    "region": "ru-9",
                    "used": 0,
                    "value": 0,
                    "zone": ""
                  },
                  {
                    "region": "uz-1",
                    "used": 0,
                    "value": 0,
                    "zone": ""
                  },
                  {
                    "region": "uz-2",
                    "used": 0,
                    "value": 0,
                    "zone": ""
                  }
                ]
              },
              {
                "resource_name": "network_subnets_27",
                "resource_quotas": [
                  {
                    "region": "gis-1",
                    "used": 0,
                    "value": 0,
                    "zone": ""
                  },
                  {
                    "region": "gis-2",
                    "used": 0,
                    "value": 0,
                    "zone": ""
                  },
                  {
                    "region": "ke-1",
                    "used": 0,
                    "value": 0,
                    "zone": ""
                  },
                  {
                    "region": "kz-1",
                    "used": 0,
                    "value": 0,
                    "zone": ""
                  },
                  {
                    "region": "ru-1",
                    "used": 0,
                    "value": 0,
                    "zone": ""
                  },
                  {
                    "region": "ru-2",
                    "used": 0,
                    "value": 0,
                    "zone": ""
                  },
                  {
                    "region": "ru-3",
                    "used": 0,
                    "value": 0,
                    "zone": ""
                  },
                  {
                    "region": "ru-6",
                    "used": 0,
                    "value": 0,
                    "zone": ""
                  },
                  {
                    "region": "ru-7",
                    "used": 0,
                    "value": 0,
                    "zone": ""
                  },
                  {
                    "region": "ru-8",
                    "used": 0,
                    "value": 0,
                    "zone": ""
                  },
                  {
                    "region": "ru-9",
                    "used": 0,
                    "value": 0,
                    "zone": ""
                  },
                  {
                    "region": "uz-1",
                    "used": 0,
                    "value": 0,
                    "zone": ""
                  },
                  {
                    "region": "uz-2",
                    "used": 0,
                    "value": 0,
                    "zone": ""
                  }
                ]
              },
              {
                "resource_name": "network_subnets_28",
                "resource_quotas": [
                  {
                    "region": "gis-1",
                    "used": 0,
                    "value": 0,
                    "zone": ""
                  },
                  {
                    "region": "gis-2",
                    "used": 0,
                    "value": 0,
                    "zone": ""
                  },
                  {
                    "region": "ke-1",
                    "used": 0,
                    "value": 0,
                    "zone": ""
                  },
                  {
                    "region": "kz-1",
                    "used": 0,
                    "value": 0,
                    "zone": ""
                  },
                  {
                    "region": "ru-1",
                    "used": 0,
                    "value": 0,
                    "zone": ""
                  },
                  {
                    "region": "ru-2",
                    "used": 0,
                    "value": 0,
                    "zone": ""
                  },
                  {
                    "region": "ru-3",
                    "used": 0,
                    "value": 0,
                    "zone": ""
                  },
                  {
                    "region": "ru-6",
                    "used": 0,
                    "value": 0,
                    "zone": ""
                  },
                  {
                    "region": "ru-7",
                    "used": 0,
                    "value": 0,
                    "zone": ""
                  },
                  {
                    "region": "ru-8",
                    "used": 0,
                    "value": 0,
                    "zone": ""
                  },
                  {
                    "region": "ru-9",
                    "used": 0,
                    "value": 0,
                    "zone": ""
                  },
                  {
                    "region": "uz-1",
                    "used": 0,
                    "value": 0,
                    "zone": ""
                  },
                  {
                    "region": "uz-2",
                    "used": 0,
                    "value": 0,
                    "zone": ""
                  }
                ]
              },
              {
                "resource_name": "network_subnets_29",
                "resource_quotas": [
                  {
                    "region": "gis-1",
                    "used": 0,
                    "value": 1,
                    "zone": ""
                  },
                  {
                    "region": "gis-2",
                    "used": 0,
                    "value": 1,
                    "zone": ""
                  },
                  {
                    "region": "ke-1",
                    "used": 0,
                    "value": 1,
                    "zone": ""
                  },
                  {
                    "region": "kz-1",
                    "used": 0,
                    "value": 1,
                    "zone": ""
                  },
                  {
                    "region": "ru-1",
                    "used": 0,
                    "value": 1,
                    "zone": ""
                  },
                  {
                    "region": "ru-2",
                    "used": 0,
                    "value": 1,
                    "zone": ""
                  },
                  {
                    "region": "ru-3",
                    "used": 0,
                    "value": 1,
                    "zone": ""
                  },
                  {
                    "region": "ru-6",
                    "used": 0,
                    "value": 1,
                    "zone": ""
                  },
                  {
                    "region": "ru-7",
                    "used": 0,
                    "value": 1,
                    "zone": ""
                  },
                  {
                    "region": "ru-8",
                    "used": 0,
                    "value": 1,
                    "zone": ""
                  },
                  {
                    "region": "ru-9",
                    "used": 0,
                    "value": 1,
                    "zone": ""
                  },
                  {
                    "region": "uz-1",
                    "used": 0,
                    "value": 1,
                    "zone": ""
                  },
                  {
                    "region": "uz-2",
                    "used": 0,
                    "value": 1,
                    "zone": ""
                  }
                ]
              },
              {
                "resource_name": "private_dns_services",
                "resource_quotas": [
                  {
                    "region": "gis-1",
                    "used": 0,
                    "value": 10,
                    "zone": ""
                  },
                  {
                    "region": "gis-2",
                    "used": 0,
                    "value": 10,
                    "zone": ""
                  },
                  {
                    "region": "ke-1",
                    "used": 0,
                    "value": 10,
                    "zone": ""
                  },
                  {
                    "region": "kz-1",
                    "used": 0,
                    "value": 10,
                    "zone": ""
                  },
                  {
                    "region": "ru-1",
                    "used": 0,
                    "value": 10,
                    "zone": ""
                  },
                  {
                    "region": "ru-2",
                    "used": 0,
                    "value": 10,
                    "zone": ""
                  },
                  {
                    "region": "ru-3",
                    "used": 0,
                    "value": 10,
                    "zone": ""
                  },
                  {
                    "region": "ru-6",
                    "used": 0,
                    "value": 10,
                    "zone": ""
                  },
                  {
                    "region": "ru-7",
                    "used": 0,
                    "value": 10,
                    "zone": ""
                  },
                  {
                    "region": "ru-8",
                    "used": 0,
                    "value": 10,
                    "zone": ""
                  },
                  {
                    "region": "ru-9",
                    "used": 0,
                    "value": 10,
                    "zone": ""
                  },
                  {
                    "region": "uz-1",
                    "used": 0,
                    "value": 10,
                    "zone": ""
                  },
                  {
                    "region": "uz-2",
                    "used": 0,
                    "value": 10,
                    "zone": ""
                  }
                ]
              },
              {
                "resource_name": "share_gigabytes_basic",
                "resource_quotas": [
                  {
                    "region": "gis-1",
                    "used": 0,
                    "value": 51200,
                    "zone": "gis-1a"
                  },
                  {
                    "region": "gis-2",
                    "used": 0,
                    "value": 51200,
                    "zone": "gis-2a"
                  },
                  {
                    "region": "ke-1",
                    "used": 0,
                    "value": 51200,
                    "zone": "ke-1a"
                  },
                  {
                    "region": "kz-1",
                    "used": 0,
                    "value": 51200,
                    "zone": "kz-1a"
                  },
                  {
                    "region": "ru-1",
                    "used": 0,
                    "value": 51200,
                    "zone": "ru-1a"
                  },
                  {
                    "region": "ru-1",
                    "used": 0,
                    "value": 51200,
                    "zone": "ru-1b"
                  },
                  {
                    "region": "ru-1",
                    "used": 0,
                    "value": 51200,
                    "zone": "ru-1c"
                  },
                  {
                    "region": "ru-2",
                    "used": 0,
                    "value": 51200,
                    "zone": "ru-2a"
                  },
                  {
                    "region": "ru-2",
                    "used": 0,
                    "value": 51200,
                    "zone": "ru-2b"
                  },
                  {
                    "region": "ru-2",
                    "used": 0,
                    "value": 51200,
                    "zone": "ru-2c"
                  },
                  {
                    "region": "ru-3",
                    "used": 0,
                    "value": 51200,
                    "zone": "ru-3a"
                  },
                  {
                    "region": "ru-3",
                    "used": 0,
                    "value": 51200,
                    "zone": "ru-3b"
                  },
                  {
                    "region": "ru-6",
                    "used": 0,
                    "value": 51200,
                    "zone": "ru-6a"
                  },
                  {
                    "region": "ru-6",
                    "used": 0,
                    "value": 51200,
                    "zone": "ru-6b"
                  },
                  {
                    "region": "ru-6",
                    "used": 0,
                    "value": 51200,
                    "zone": "ru-6c"
                  },
                  {
                    "region": "ru-7",
                    "used": 0,
                    "value": 51200,
                    "zone": "ru-7a"
                  },
                  {
                    "region": "ru-7",
                    "used": 0,
                    "value": 51200,
                    "zone": "ru-7b"
                  },
                  {
                    "region": "ru-8",
                    "used": 0,
                    "value": 51200,
                    "zone": "ru-8a"
                  },
                  {
                    "region": "ru-9",
                    "used": 0,
                    "value": 51200,
                    "zone": "ru-9a"
                  },
                  {
                    "region": "uz-1",
                    "used": 0,
                    "value": 51200,
                    "zone": "uz-1a"
                  },
                  {
                    "region": "uz-2",
                    "used": 0,
                    "value": 51200,
                    "zone": "uz-2a"
                  }
                ]
              },
              {
                "resource_name": "share_gigabytes_fast",
                "resource_quotas": [
                  {
                    "region": "gis-1",
                    "used": 0,
                    "value": 51200,
                    "zone": "gis-1a"
                  },
                  {
                    "region": "gis-2",
                    "used": 0,
                    "value": 51200,
                    "zone": "gis-2a"
                  },
                  {
                    "region": "ke-1",
                    "used": 0,
                    "value": 51200,
                    "zone": "ke-1a"
                  },
                  {
                    "region": "kz-1",
                    "used": 0,
                    "value": 51200,
                    "zone": "kz-1a"
                  },
                  {
                    "region": "ru-1",
                    "used": 0,
                    "value": 51200,
                    "zone": "ru-1c"
                  },
                  {
                    "region": "ru-2",
                    "used": 0,
                    "value": 51200,
                    "zone": "ru-2c"
                  },
                  {
                    "region": "ru-3",
                    "used": 0,
                    "value": 51200,
                    "zone": "ru-3b"
                  },
                  {
                    "region": "ru-6",
                    "used": 0,
                    "value": 51200,
                    "zone": "ru-6a"
                  },
                  {
                    "region": "ru-6",
                    "used": 0,
                    "value": 51200,
                    "zone": "ru-6b"
                  },
                  {
                    "region": "ru-6",
                    "used": 0,
                    "value": 51200,
                    "zone": "ru-6c"
                  },
                  {
                    "region": "ru-7",
                    "used": 0,
                    "value": 51200,
                    "zone": "ru-7a"
                  },
                  {
                    "region": "ru-7",
                    "used": 0,
                    "value": 51200,
                    "zone": "ru-7b"
                  },
                  {
                    "region": "ru-8",
                    "used": 0,
                    "value": 51200,
                    "zone": "ru-8a"
                  },
                  {
                    "region": "ru-9",
                    "used": 0,
                    "value": 51200,
                    "zone": "ru-9a"
                  },
                  {
                    "region": "uz-1",
                    "used": 0,
                    "value": 51200,
                    "zone": "uz-1a"
                  },
                  {
                    "region": "uz-2",
                    "used": 0,
                    "value": 51200,
                    "zone": "uz-2a"
                  }
                ]
              },
              {
                "resource_name": "share_gigabytes_universal",
                "resource_quotas": [
                  {
                    "region": "gis-1",
                    "used": 0,
                    "value": 51200,
                    "zone": "gis-1a"
                  },
                  {
                    "region": "gis-2",
                    "used": 0,
                    "value": 51200,
                    "zone": "gis-2a"
                  },
                  {
                    "region": "ke-1",
                    "used": 0,
                    "value": 51200,
                    "zone": "ke-1a"
                  },
                  {
                    "region": "kz-1",
                    "used": 0,
                    "value": 51200,
                    "zone": "kz-1a"
                  },
                  {
                    "region": "ru-1",
                    "used": 0,
                    "value": 51200,
                    "zone": "ru-1c"
                  },
                  {
                    "region": "ru-2",
                    "used": 0,
                    "value": 51200,
                    "zone": "ru-2c"
                  },
                  {
                    "region": "ru-3",
                    "used": 0,
                    "value": 51200,
                    "zone": "ru-3b"
                  },
                  {
                    "region": "ru-6",
                    "used": 0,
                    "value": 51200,
                    "zone": "ru-6a"
                  },
                  {
                    "region": "ru-6",
                    "used": 0,
                    "value": 51200,
                    "zone": "ru-6b"
                  },
                  {
                    "region": "ru-6",
                    "used": 0,
                    "value": 51200,
                    "zone": "ru-6c"
                  },
                  {
                    "region": "ru-7",
                    "used": 0,
                    "value": 51200,
                    "zone": "ru-7a"
                  },
                  {
                    "region": "ru-7",
                    "used": 0,
                    "value": 51200,
                    "zone": "ru-7b"
                  },
                  {
                    "region": "ru-8",
                    "used": 0,
                    "value": 51200,
                    "zone": "ru-8a"
                  },
                  {
                    "region": "ru-9",
                    "used": 0,
                    "value": 51200,
                    "zone": "ru-9a"
                  },
                  {
                    "region": "uz-1",
                    "used": 0,
                    "value": 51200,
                    "zone": "uz-1a"
                  },
                  {
                    "region": "uz-2",
                    "used": 0,
                    "value": 51200,
                    "zone": "uz-2a"
                  }
                ]
              },
              {
                "resource_name": "volume_gigabytes_basic",
                "resource_quotas": [
                  {
                    "region": "gis-1",
                    "used": 0,
                    "value": 10000,
                    "zone": "gis-1a"
                  },
                  {
                    "region": "gis-2",
                    "used": 0,
                    "value": 10000,
                    "zone": "gis-2a"
                  },
                  {
                    "region": "ke-1",
                    "used": 0,
                    "value": 1000,
                    "zone": "ke-1a"
                  },
                  {
                    "region": "kz-1",
                    "used": 0,
                    "value": 10000,
                    "zone": "kz-1a"
                  },
                  {
                    "region": "ru-1",
                    "used": 0,
                    "value": 10000,
                    "zone": "ru-1a"
                  },
                  {
                    "region": "ru-1",
                    "used": 0,
                    "value": 10000,
                    "zone": "ru-1b"
                  },
                  {
                    "region": "ru-1",
                    "used": 0,
                    "value": 10000,
                    "zone": "ru-1c"
                  },
                  {
                    "region": "ru-2",
                    "used": 0,
                    "value": 10000,
                    "zone": "ru-2a"
                  },
                  {
                    "region": "ru-2",
                    "used": 0,
                    "value": 10000,
                    "zone": "ru-2b"
                  },
                  {
                    "region": "ru-2",
                    "used": 0,
                    "value": 10000,
                    "zone": "ru-2c"
                  },
                  {
                    "region": "ru-3",
                    "used": 0,
                    "value": 10000,
                    "zone": "ru-3a"
                  },
                  {
                    "region": "ru-3",
                    "used": 0,
                    "value": 5000,
                    "zone": "ru-3b"
                  },
                  {
                    "region": "ru-6",
                    "used": 0,
                    "value": 10000,
                    "zone": "ru-6a"
                  },
                  {
                    "region": "ru-6",
                    "used": 0,
                    "value": 10000,
                    "zone": "ru-6b"
                  },
                  {
                    "region": "ru-6",
                    "used": 0,
                    "value": 10000,
                    "zone": "ru-6c"
                  },
                  {
                    "region": "ru-7",
                    "used": 0,
                    "value": 10000,
                    "zone": "ru-7a"
                  },
                  {
                    "region": "ru-7",
                    "used": 0,
                    "value": 10000,
                    "zone": "ru-7b"
                  },
                  {
                    "region": "ru-8",
                    "used": 0,
                    "value": 10000,
                    "zone": "ru-8a"
                  },
                  {
                    "region": "ru-9",
                    "used": 0,
                    "value": 10000,
                    "zone": "ru-9a"
                  },
                  {
                    "region": "uz-1",
                    "used": 0,
                    "value": 10000,
                    "zone": "uz-1a"
                  },
                  {
                    "region": "uz-2",
                    "used": 0,
                    "value": 10000,
                    "zone": "uz-2a"
                  }
                ]
              },
              {
                "resource_name": "volume_gigabytes_basicssd",
                "resource_quotas": [
                  {
                    "region": "ru-2",
                    "used": 0,
                    "value": 600,
                    "zone": "ru-2b"
                  },
                  {
                    "region": "ru-2",
                    "used": 0,
                    "value": 600,
                    "zone": "ru-2c"
                  },
                  {
                    "region": "ru-3",
                    "used": 0,
                    "value": 600,
                    "zone": "ru-3b"
                  },
                  {
                    "region": "ru-7",
                    "used": 0,
                    "value": 600,
                    "zone": "ru-7a"
                  },
                  {
                    "region": "ru-7",
                    "used": 0,
                    "value": 600,
                    "zone": "ru-7b"
                  },
                  {
                    "region": "ru-8",
                    "used": 0,
                    "value": 600,
                    "zone": "ru-8a"
                  },
                  {
                    "region": "ru-9",
                    "used": 0,
                    "value": 600,
                    "zone": "ru-9a"
                  }
                ]
              },
              {
                "resource_name": "volume_gigabytes_fast",
                "resource_quotas": [
                  {
                    "region": "gis-1",
                    "used": 0,
                    "value": 5000,
                    "zone": "gis-1a"
                  },
                  {
                    "region": "gis-2",
                    "used": 0,
                    "value": 5000,
                    "zone": "gis-2a"
                  },
                  {
                    "region": "ke-1",
                    "used": 0,
                    "value": 1000,
                    "zone": "ke-1a"
                  },
                  {
                    "region": "kz-1",
                    "used": 0,
                    "value": 5000,
                    "zone": "kz-1a"
                  },
                  {
                    "region": "ru-1",
                    "used": 0,
                    "value": 1000,
                    "zone": "ru-1a"
                  },
                  {
                    "region": "ru-1",
                    "used": 0,
                    "value": 1000,
                    "zone": "ru-1b"
                  },
                  {
                    "region": "ru-1",
                    "used": 0,
                    "value": 5000,
                    "zone": "ru-1c"
                  },
                  {
                    "region": "ru-2",
                    "used": 0,
                    "value": 1000,
                    "zone": "ru-2a"
                  },
                  {
                    "region": "ru-2",
                    "used": 0,
                    "value": 5000,
                    "zone": "ru-2b"
                  },
                  {
                    "region": "ru-2",
                    "used": 0,
                    "value": 5000,
                    "zone": "ru-2c"
                  },
                  {
                    "region": "ru-3",
                    "used": 0,
                    "value": 100,
                    "zone": "ru-3a"
                  },
                  {
                    "region": "ru-3",
                    "used": 0,
                    "value": 5000,
                    "zone": "ru-3b"
                  },
                  {
                    "region": "ru-7",
                    "used": 0,
                    "value": 5000,
                    "zone": "ru-7a"
                  },
                  {
                    "region": "ru-7",
                    "used": 0,
                    "value": 5000,
                    "zone": "ru-7b"
                  },
                  {
                    "region": "ru-8",
                    "used": 0,
                    "value": 1000,
                    "zone": "ru-8a"
                  },
                  {
                    "region": "ru-9",
                    "used": 0,
                    "value": 5000,
                    "zone": "ru-9a"
                  },
                  {
                    "region": "uz-1",
                    "used": 0,
                    "value": 5000,
                    "zone": "uz-1a"
                  },
                  {
                    "region": "uz-2",
                    "used": 0,
                    "value": 5000,
                    "zone": "uz-2a"
                  }
                ]
              },
              {
                "resource_name": "volume_gigabytes_fast2",
                "resource_quotas": [
                  {
                    "region": "ru-6",
                    "used": 0,
                    "value": 10000,
                    "zone": "ru-6a"
                  },
                  {
                    "region": "ru-6",
                    "used": 0,
                    "value": 10000,
                    "zone": "ru-6b"
                  },
                  {
                    "region": "ru-6",
                    "used": 0,
                    "value": 10000,
                    "zone": "ru-6c"
                  }
                ]
              },
              {
                "resource_name": "volume_gigabytes_local",
                "resource_quotas": [
                  {
                    "region": "gis-1",
                    "used": 0,
                    "value": 2000,
                    "zone": "gis-1a"
                  },
                  {
                    "region": "gis-2",
                    "used": 0,
                    "value": 2000,
                    "zone": "gis-2a"
                  },
                  {
                    "region": "ke-1",
                    "used": 0,
                    "value": 128,
                    "zone": "ke-1a"
                  },
                  {
                    "region": "kz-1",
                    "used": 0,
                    "value": 2000,
                    "zone": "kz-1a"
                  },
                  {
                    "region": "ru-1",
                    "used": 0,
                    "value": 5000,
                    "zone": "ru-1c"
                  },
                  {
                    "region": "ru-1",
                    "used": 0,
                    "value": 500,
                    "zone": "ru-1a"
                  },
                  {
                    "region": "ru-1",
                    "used": 0,
                    "value": 500,
                    "zone": "ru-1b"
                  },
                  {
                    "region": "ru-2",
                    "used": 0,
                    "value": 0,
                    "zone": "ru-2a"
                  },
                  {
                    "region": "ru-2",
                    "used": 0,
                    "value": 1000,
                    "zone": "ru-2b"
                  },
                  {
                    "region": "ru-2",
                    "used": 0,
                    "value": 2000,
                    "zone": "ru-2c"
                  },
                  {
                    "region": "ru-3",
                    "used": 0,
                    "value": 1000,
                    "zone": "ru-3a"
                  },
                  {
                    "region": "ru-3",
                    "used": 0,
                    "value": 2000,
                    "zone": "ru-3b"
                  },
                  {
                    "region": "ru-6",
                    "used": 0,
                    "value": 2000,
                    "zone": "ru-6a"
                  },
                  {
                    "region": "ru-6",
                    "used": 0,
                    "value": 2000,
                    "zone": "ru-6b"
                  },
                  {
                    "region": "ru-6",
                    "used": 0,
                    "value": 2000,
                    "zone": "ru-6c"
                  },
                  {
                    "region": "ru-7",
                    "used": 0,
                    "value": 5000,
                    "zone": "ru-7a"
                  },
                  {
                    "region": "ru-7",
                    "used": 0,
                    "value": 8000,
                    "zone": "ru-7b"
                  },
                  {
                    "region": "ru-8",
                    "used": 0,
                    "value": 500,
                    "zone": "ru-8a"
                  },
                  {
                    "region": "ru-9",
                    "used": 0,
                    "value": 500,
                    "zone": "ru-9a"
                  },
                  {
                    "region": "uz-1",
                    "used": 0,
                    "value": 2000,
                    "zone": "uz-1a"
                  },
                  {
                    "region": "uz-2",
                    "used": 0,
                    "value": 2000,
                    "zone": "uz-2a"
                  }
                ]
              },
              {
                "resource_name": "volume_gigabytes_universal",
                "resource_quotas": [
                  {
                    "region": "gis-1",
                    "used": 0,
                    "value": 10000,
                    "zone": "gis-1a"
                  },
                  {
                    "region": "gis-2",
                    "used": 0,
                    "value": 10000,
                    "zone": "gis-2a"
                  },
                  {
                    "region": "ke-1",
                    "used": 0,
                    "value": 1000,
                    "zone": "ke-1a"
                  },
                  {
                    "region": "kz-1",
                    "used": 0,
                    "value": 10000,
                    "zone": "kz-1a"
                  },
                  {
                    "region": "ru-1",
                    "used": 0,
                    "value": 10000,
                    "zone": "ru-1c"
                  },
                  {
                    "region": "ru-1",
                    "used": 0,
                    "value": 1000,
                    "zone": "ru-1a"
                  },
                  {
                    "region": "ru-1",
                    "used": 0,
                    "value": 1000,
                    "zone": "ru-1b"
                  },
                  {
                    "region": "ru-2",
                    "used": 0,
                    "value": 10000,
                    "zone": "ru-2b"
                  },
                  {
                    "region": "ru-2",
                    "used": 0,
                    "value": 1000,
                    "zone": "ru-2a"
                  },
                  {
                    "region": "ru-2",
                    "used": 0,
                    "value": 1000,
                    "zone": "ru-2c"
                  },
                  {
                    "region": "ru-3",
                    "used": 0,
                    "value": 10000,
                    "zone": "ru-3a"
                  },
                  {
                    "region": "ru-3",
                    "used": 0,
                    "value": 5000,
                    "zone": "ru-3b"
                  },
                  {
                    "region": "ru-7",
                    "used": 0,
                    "value": 10000,
                    "zone": "ru-7a"
                  },
                  {
                    "region": "ru-7",
                    "used": 0,
                    "value": 10000,
                    "zone": "ru-7b"
                  },
                  {
                    "region": "ru-8",
                    "used": 0,
                    "value": 1000,
                    "zone": "ru-8a"
                  },
                  {
                    "region": "ru-9",
                    "used": 0,
                    "value": 10000,
                    "zone": "ru-9a"
                  },
                  {
                    "region": "uz-1",
                    "used": 0,
                    "value": 10000,
                    "zone": "uz-1a"
                  },
                  {
                    "region": "uz-2",
                    "used": 0,
                    "value": 10000,
                    "zone": "uz-2a"
                  }
                ]
              },
              {
                "resource_name": "volume_gigabytes_universal2",
                "resource_quotas": [
                  {
                    "region": "gis-1",
                    "used": 0,
                    "value": 10000,
                    "zone": "gis-1a"
                  },
                  {
                    "region": "gis-2",
                    "used": 0,
                    "value": 10000,
                    "zone": "gis-2a"
                  },
                  {
                    "region": "ke-1",
                    "used": 0,
                    "value": 1000,
                    "zone": "ke-1a"
                  },
                  {
                    "region": "kz-1",
                    "used": 0,
                    "value": 10000,
                    "zone": "kz-1a"
                  },
                  {
                    "region": "ru-2",
                    "used": 0,
                    "value": 1000,
                    "zone": "ru-2c"
                  },
                  {
                    "region": "ru-3",
                    "used": 0,
                    "value": 5000,
                    "zone": "ru-3b"
                  },
                  {
                    "region": "ru-6",
                    "used": 0,
                    "value": 10000,
                    "zone": "ru-6a"
                  },
                  {
                    "region": "ru-6",
                    "used": 0,
                    "value": 10000,
                    "zone": "ru-6b"
                  },
                  {
                    "region": "ru-6",
                    "used": 0,
                    "value": 10000,
                    "zone": "ru-6c"
                  },
                  {
                    "region": "ru-7",
                    "used": 0,
                    "value": 10000,
                    "zone": "ru-7a"
                  },
                  {
                    "region": "ru-7",
                    "used": 0,
                    "value": 10000,
                    "zone": "ru-7b"
                  },
                  {
                    "region": "ru-8",
                    "used": 0,
                    "value": 1000,
                    "zone": "ru-8a"
                  },
                  {
                    "region": "ru-9",
                    "used": 0,
                    "value": 10000,
                    "zone": "ru-9a"
                  },
                  {
                    "region": "uz-1",
                    "used": 0,
                    "value": 10000,
                    "zone": "uz-1a"
                  },
                  {
                    "region": "uz-2",
                    "used": 0,
                    "value": 10000,
                    "zone": "uz-2a"
                  }
                ]
              }
            ],
            "custom_url": "",
            "enabled": true,
            "id": "d77a2494d49d417daa2c366a2c4851c0",
            "name": "msk-backend-project",
            "quotas": [
              {
                "resource_name": "compute_cores",
                "resource_quotas": [
                  {
                    "region": "ru-2",
                    "value": 12,
                    "zone": "ru-2a"
                  }
                ]
              },
              {
                "resource_name": "compute_ram",
                "resource_quotas": [
                  {
                    "region": "ru-2",
                    "value": 20480,
                    "zone": "ru-2a"
                  }
                ]
              },
              {
                "resource_name": "volume_gigabytes_fast",
                "resource_quotas": [
                  {
                    "region": "ru-2",
                    "value": 100,
                    "zone": "ru-2a"
                  }
                ]
              }
            ],
            "theme": {},
            "url": "https://2173338.selvpc.ru"
          },
          "sensitive_attributes": [],
          "private": "bnVsbA=="
        }
      ]
    }
  ],
  "check_results": null
}
