{
  "version": 4,
  "terraform_version": "1.9.0",
  "serial": 78,
  "lineage": "acb7d6db-d5a2-cbe9-fafc-13327f395f94",
  "outputs": {
    "backend_public_ip": {
      "value": "111.88.218.191",
      "type": "string"
    }
  },
  "resources": [
    {
      "mode": "data",
      "type": "openstack_images_image_v2",
      "name": "ubuntu",
      "provider": "provider[\"registry.terraform.io/terraform-provider-openstack/openstack\"]",
      "instances": [
        {
          "schema_version": 0,
          "attributes": {
            "checksum": "a5224f2e4fa8656cfaad931dc91ca30d",
            "container_format": "bare",
            "created_at": "2026-04-14T07:11:09Z",
            "disk_format": "raw",
            "file": "/v2/images/3b85a9a8-55a0-4344-aa7c-102730b747e4/file",
            "hidden": false,
            "id": "3b85a9a8-55a0-4344-aa7c-102730b747e4",
            "member_status": null,
            "metadata": {},
            "min_disk_gb": 5,
            "min_ram_mb": 512,
            "most_recent": true,
            "name": "Ubuntu 24.04 LTS 64-bit",
            "name_regex": null,
            "owner": "3acf7ceddc024b86b86ef151e4972805",
            "properties": {
              "direct_url": "rbd://81f5be02-bad3-4155-ab58-909ededc61cc/images/3b85a9a8-55a0-4344-aa7c-102730b747e4/snap",
              "hw_disk_bus": "scsi",
              "hw_qemu_guest_agent": "yes",
              "hw_scsi_model": "virtio-scsi",
              "os_distro": "ubuntu",
              "os_hash_algo": "sha512",
              "os_hash_value": "a55b98034d0a3caf9e02bce9fb4ea30b8663b68db0e2366dbd1956fb72a8cd883a310a29e4e4d69349b83ed375719a20b836f0fc6f6f6fb5b87acc3ebc48ee60",
              "os_type": "linux",
              "stores": "ru-2a,ru-2c",
              "watchdog": "pause",
              "x_cloud_base_image": "true",
              "x_cloud_panel_default_image": "true",
              "x_cloud_sdv_image": "true",
              "x_sel_image_agent_type": "cloud-init",
              "x_sel_image_os_arch": "amd64",
              "x_sel_image_os_dist": "ubuntu",
              "x_sel_image_owner": "Selectel",
              "x_sel_image_source_file": "ubuntu-noble-amd64-selectel-master-product-0.1.img",
              "x_sel_image_type": "master",
              "x_sel_os_type": "linux",
              "x_sel_ssh_required": "true"
            },
            "protected": false,
            "region": "ru-2",
            "schema": "/v2/schemas/image",
            "size_bytes": 2005532672,
            "size_max": null,
            "size_min": null,
            "sort_direction": "asc",
            "sort_key": "name",
            "tag": null,
            "tags": [],
            "updated_at": "2026-04-16T14:21:26Z",
            "visibility": "public"
          },
          "sensitive_attributes": []
        }
      ]
    },
    {
      "mode": "data",
      "type": "openstack_networking_network_v2",
      "name": "external_network",
      "provider": "provider[\"registry.terraform.io/terraform-provider-openstack/openstack\"]",
      "instances": [
        {
          "schema_version": 0,
          "attributes": {
            "admin_state_up": "true",
            "all_tags": [],
            "availability_zone_hints": [],
            "description": "",
            "dns_domain": "",
            "external": true,
            "id": "8cc4ee6a-8dc9-4865-8877-ef5b5cdef020",
            "matching_subnet_cidr": null,
            "mtu": 1500,
            "name": "external-network",
            "network_id": null,
            "region": "ru-2",
            "segments": [],
            "shared": "false",
            "status": null,
            "subnets": [
              "00defa51-fff5-445f-ac03-272928e538cd",
              "04b7962e-0ab2-4a66-9a07-a09cf192feca",
              "0848928d-245f-4057-b476-d5d28c9dddad",
              "08744282-e44d-449a-90d4-742e57c0fb74",
              "10995f24-ffdc-4b83-8a37-9cfc3dcb53ff",
              "10db76ee-e44a-4bf1-a196-e9168e3f44ab",
              "1528722f-4a38-4b52-8fbf-5d54deb3c776",
              "174b3ba4-555c-406d-a639-b20b5b4743d8",
              "17f87e55-5800-48b5-8774-8ea394b8d6b4",
              "19396997-b221-44ee-a048-0835d0a90ce0",
              "1e014a1b-504d-447a-9509-b901525d69b5",
              "1ef6abff-2494-4675-b2ee-52379b50b930",
              "1f95ed99-8ac8-412d-a97f-262a71bce3d9",
              "2b1a7f75-c4a8-41b9-8cc9-e32a64657d33",
              "2c154ae6-dd71-4b08-9b5d-707894489c20",
              "2dd40149-0e4d-44fc-9df7-f1312f356da3",
              "2efc479b-2321-41e8-b2f6-7d142a4e02f9",
              "30159164-be7b-4897-bfdf-4cc4f63c230f",
              "30f7e3aa-adac-4eb0-8250-d8129bd28a94",
              "3223132b-5052-48f2-862c-fa1b72cc5cf9",
              "32b85f08-f747-42de-a5c6-f16b976da38d",
              "381d0580-f869-4a46-a085-87a314d024e8",
              "3c5239a9-16d6-46a0-a22f-ce282546a145",
              "400dc93b-f482-40f8-a42b-be57d0c4bcae",
              "431402a7-a936-4e79-b4d1-babd479e01fc",
              "461f246f-390f-4aa3-9036-ebbec851e505",
              "47e8aa7f-a995-485f-97f8-b516955d46e8",
              "49b94429-2d00-4be5-93aa-453be3324bfd",
              "4b4385b8-fec0-455b-8e8a-6bf616dc25d2",
              "4f9285bf-3635-4fab-ae03-2054e28603bc",
              "5bbe95e5-760c-40c0-96f7-f7571d09301c",
              "5e1a54a4-7748-43ff-87f0-0dca50d75674",
              "660288ef-cb2c-4ddf-b949-dc350216f4cc",
              "6b708720-bb18-41d4-ba96-5282af9090ea",
              "6cf91c89-c427-47ee-8cec-124e3b16f40b",
              "6ebd06ea-52a0-456b-9f9c-8f3554b380b5",
              "733b1039-4e6a-42df-a443-a2360b8a1c55",
              "7459d10b-e8e9-49b7-ad8c-77abe1935395",
              "770c451e-e520-4c6e-bfb8-c974a27b0521",
              "7b243fc1-51c4-4ef2-91da-df1f5abbd65f",
              "7d00641b-224b-4e1e-90fd-463d7b99a8c6",
              "83c3493d-6aea-4b75-98dd-7552b8144dbd",
              "8742400c-6260-421f-962a-92c86f5e9793",
              "8b4c7a89-e154-4934-a984-f030ecc2a2b4",
              "8c9f3edf-244f-41c6-8306-0de8f06dd6d2",
              "91b5e97d-7236-49bf-bbd9-d7eb5732517b",
              "920aa481-3183-422e-84ef-766ac538371c",
              "92391a4a-6391-4295-ba14-0c21123d0a91",
              "9b901797-500d-488d-9f91-6b95187465e8",
              "9bc5f6fd-6c7d-4b27-b262-120d00d1e7b4",
              "9cffdb23-10c3-4d81-861e-892d8827132d",
              "a0044c6f-14c7-477b-b4fe-15ac3e7bdb18",
              "a40a8a30-a0d3-427e-a535-b1507856c107",
              "a65cfb31-d8f3-4e0d-95e7-e5fe01b61c34",
              "b1f07788-1fe8-44d1-a639-bcaa3cf292ea",
              "b34db8ef-0f3c-4761-a6dd-d87da9eaa64f",
              "b5a11290-eb76-473f-90bd-b3bf684c47ca",
              "ba51c9ca-d806-4cd4-a63f-038137a94d14",
              "be6e9fb2-b8fe-476c-bd42-f05cf5c0ec83",
              "c24fc36a-7182-4730-a50e-44bdeaaa1ab0",
              "c2a30e58-53ca-4a3c-9399-1b955acce8fd",
              "c61f68cc-8f38-4c51-a9b7-5b3eb44deedc",
              "c829b4a9-698a-48ae-b013-66c1c838eede",
              "c96a7ed1-a872-474c-bdfc-db4fd46bd669",
              "cfd110b6-4ce6-48c2-8732-053805979ed8",
              "d4b57579-d61e-475a-8b14-b7c9d174a86e",
              "d68b4e45-a530-4521-851c-8a05bf198017",
              "e3f43c05-eca6-4737-97dc-b8730e51c041",
              "e4c264a6-31f3-4c0a-b244-dbe80e8fc29d",
              "ecb804e4-f4ce-4e19-b2eb-5c0cf7cf1753",
              "efdc1f83-6581-4868-bbe0-f2ff00e755dd",
              "f3b1feb3-f3ec-439a-926d-fdc234ebffb0",
              "f879ab62-fd5c-46aa-9613-dd34ed5f7220",
              "f9a3882e-7839-499d-8421-21570892171e",
              "fb472811-d19b-4204-aa00-121710cd4480"
            ],
            "tags": null,
            "tenant_id": "5e204c6ffe184b9f8b69344d36178244",
            "transparent_vlan": false
          },
          "sensitive_attributes": []
        }
      ]
    },
    {
      "mode": "managed",
      "type": "openstack_compute_instance_v2",
      "name": "msk_backend",
      "provider": "provider[\"registry.terraform.io/terraform-provider-openstack/openstack\"]",
      "instances": [
        {
          "schema_version": 0,
          "attributes": {
            "access_ip_v4": "192.168.10.87",
            "access_ip_v6": "",
            "admin_pass": null,
            "all_metadata": {},
            "all_tags": [],
            "availability_zone": "ru-2a",
            "availability_zone_hints": null,
            "block_device": [
              {
                "boot_index": 0,
                "delete_on_termination": true,
                "destination_type": "volume",
                "device_type": "",
                "disk_bus": "",
                "guest_format": "",
                "multiattach": false,
                "source_type": "image",
                "uuid": "3b85a9a8-55a0-4344-aa7c-102730b747e4",
                "volume_size": 20,
                "volume_type": "fast.ru-2a"
              }
            ],
            "config_drive": null,
            "created": "2026-07-08 20:05:33 +0000 UTC",
            "flavor_id": "1002",
            "flavor_name": "BL1.1-2048",
            "floating_ip": null,
            "force_delete": false,
            "id": "ae3a0a25-18ed-41d9-9a05-5113d9cda0dd",
            "image_id": "Attempt to boot from volume - no image supplied",
            "image_name": null,
            "key_pair": "vboxuser-key",
            "metadata": null,
            "name": "msk-backend-node",
            "network": [
              {
                "access_network": false,
                "fixed_ip_v4": "192.168.10.87",
                "fixed_ip_v6": "",
                "floating_ip": "",
                "mac": "fa:16:3e:7b:37:f3",
                "name": "backend-network",
                "port": "6f462898-e31e-4fa2-bedf-e1da17fee13e",
                "uuid": "dd89c692-a346-4414-ab4c-6da09a665d09"
              }
            ],
            "network_mode": null,
            "personality": [],
            "power_state": "active",
            "region": "ru-2",
            "scheduler_hints": [],
            "security_groups": [],
            "stop_before_destroy": false,
            "tags": [],
            "timeouts": null,
            "updated": "2026-07-08 20:06:06 +0000 UTC",
            "user_data": null,
            "vendor_options": [],
            "volume": []
          },
          "sensitive_attributes": [
            [
              {
                "type": "get_attr",
                "value": "admin_pass"
              }
            ]
          ],
          "private": "eyJlMmJmYjczMC1lY2FhLTExZTYtOGY4OC0zNDM2M2JjN2M0YzAiOnsiY3JlYXRlIjoxODAwMDAwMDAwMDAwLCJkZWxldGUiOjE4MDAwMDAwMDAwMDAsInVwZGF0ZSI6MTgwMDAwMDAwMDAwMH19",
          "dependencies": [
            "data.openstack_images_image_v2.ubuntu",
            "openstack_compute_keypair_v2.my_keypair",
            "openstack_networking_network_v2.network",
            "openstack_networking_port_v2.backend_port",
            "openstack_networking_secgroup_v2.secgroup_db",
            "selectel_vpc_project_v2.msk_backend_project"
          ]
        }
      ]
    },
    {
      "mode": "managed",
      "type": "openstack_compute_keypair_v2",
      "name": "my_keypair",
      "provider": "provider[\"registry.terraform.io/terraform-provider-openstack/openstack\"]",
      "instances": [
        {
          "schema_version": 0,
          "attributes": {
            "fingerprint": "85:cf:9f:90:68:36:4c:f1:a5:97:82:ef:cd:6a:ac:a3",
            "id": "vboxuser-key",
            "name": "vboxuser-key",
            "private_key": "",
            "public_key": "ssh-rsa AAAAB3NzaC1yc2EAAAADAQABAAABAQDIw3uKHjqpFpk+Atd7Y5IPFJm4iczxT15tZZ5O7evpk4SO/0276XYy950/aQE0M9H0DhuNX7TgOD+YsWhyOqaFNAIik7WYy5H75Lv/iJn5xJcBVvLRqKsmSTXd2fv4g4kpYfMsXLBu5pWZg+MmJLJuR6uZ5kCgnW1LVA2oXb9xLtI1IenckFowUQ1bgyAfmmrcHBYcppTG/IAFtI701a9CtfUgUQRn54OlPH83IQdriHiBnviFPwtiFtHWQzweISwPYL952RG+g2+08didwXLKrHPUXxtbTKxMEQLbr/XnZpt5oRdWETKsJ55cqzFxga88Hcx3wZ+bcmJPJWNXQEFr vboxuser@LinuxServer",
            "region": "ru-2",
            "user_id": "",
            "value_specs": null
          },
          "sensitive_attributes": [
            [
              {
                "type": "get_attr",
                "value": "private_key"
              }
            ]
          ],
          "private": "bnVsbA==",
          "dependencies": [
            "selectel_vpc_project_v2.msk_backend_project"
          ]
        }
      ]
    },
    {
      "mode": "managed",
      "type": "openstack_networking_floatingip_associate_v2",
      "name": "fip_associate",
      "provider": "provider[\"registry.terraform.io/terraform-provider-openstack/openstack\"]",
      "instances": [
        {
          "schema_version": 0,
          "attributes": {
            "fixed_ip": "192.168.10.87",
            "floating_ip": "111.88.218.191",
            "id": "43b114a0-74b6-4abb-994e-cc7150081a0b",
            "port_id": "6f462898-e31e-4fa2-bedf-e1da17fee13e",
            "region": "ru-2"
          },
          "sensitive_attributes": [],
          "private": "bnVsbA==",
          "dependencies": [
            "data.openstack_networking_network_v2.external_network",
            "openstack_networking_floatingip_v2.floating_ip",
            "openstack_networking_network_v2.network",
            "openstack_networking_port_v2.backend_port",
            "openstack_networking_router_interface_v2.router_interface",
            "openstack_networking_router_v2.router",
            "openstack_networking_secgroup_v2.secgroup_db",
            "openstack_networking_subnet_v2.subnet",
            "selectel_vpc_project_v2.msk_backend_project"
          ]
        }
      ]
    },
    {
      "mode": "managed",
      "type": "openstack_networking_floatingip_v2",
      "name": "floating_ip",
      "provider": "provider[\"registry.terraform.io/terraform-provider-openstack/openstack\"]",
      "instances": [
        {
          "schema_version": 0,
          "attributes": {
            "address": "111.88.218.191",
            "all_tags": [],
            "description": "",
            "dns_domain": "",
            "dns_name": "",
            "fixed_ip": "",
            "id": "43b114a0-74b6-4abb-994e-cc7150081a0b",
            "pool": "external-network",
            "port_id": "",
            "region": "ru-2",
            "subnet_id": null,
            "subnet_ids": null,
            "tags": [],
            "tenant_id": "d77a2494d49d417daa2c366a2c4851c0",
            "timeouts": null,
            "value_specs": null
          },
          "sensitive_attributes": [],
          "private": "eyJlMmJmYjczMC1lY2FhLTExZTYtOGY4OC0zNDM2M2JjN2M0YzAiOnsiY3JlYXRlIjo2MDAwMDAwMDAwMDAsImRlbGV0ZSI6NjAwMDAwMDAwMDAwfX0=",
          "dependencies": [
            "selectel_vpc_project_v2.msk_backend_project"
          ]
        }
      ]
    },
    {
      "mode": "managed",
      "type": "openstack_networking_network_v2",
      "name": "network",
      "provider": "provider[\"registry.terraform.io/terraform-provider-openstack/openstack\"]",
      "instances": [
        {
          "schema_version": 0,
          "attributes": {
            "admin_state_up": true,
            "all_tags": [],
            "availability_zone_hints": [
              "ru-2a"
            ],
            "description": "",
            "dns_domain": "",
            "external": false,
            "id": "dd89c692-a346-4414-ab4c-6da09a665d09",
            "mtu": 1500,
            "name": "backend-network",
            "port_security_enabled": true,
            "qos_policy_id": "990eaa8a-db4a-4f81-a929-1e0ced385197",
            "region": "ru-2",
            "segments": [
              {
                "network_type": "vxlan",
                "physical_network": "",
                "segmentation_id": 22884
              }
            ],
            "shared": false,
            "tags": [],
            "tenant_id": "d77a2494d49d417daa2c366a2c4851c0",
            "timeouts": null,
            "transparent_vlan": false,
            "value_specs": null
          },
          "sensitive_attributes": [],
          "private": "eyJlMmJmYjczMC1lY2FhLTExZTYtOGY4OC0zNDM2M2JjN2M0YzAiOnsiY3JlYXRlIjo2MDAwMDAwMDAwMDAsImRlbGV0ZSI6NjAwMDAwMDAwMDAwfX0=",
          "dependencies": [
            "selectel_vpc_project_v2.msk_backend_project"
          ]
        }
      ]
    },
    {
      "mode": "managed",
      "type": "openstack_networking_port_v2",
      "name": "backend_port",
      "provider": "provider[\"registry.terraform.io/terraform-provider-openstack/openstack\"]",
      "instances": [
        {
          "schema_version": 0,
          "attributes": {
            "admin_state_up": true,
            "all_fixed_ips": [
              "192.168.10.87"
            ],
            "all_security_group_ids": [
              "c2a0397b-5097-4ff5-b86d-e645254c41f3"
            ],
            "all_tags": [],
            "allowed_address_pairs": [],
            "binding": [
              {
                "host_id": "",
                "profile": "",
                "vif_details": {},
                "vif_type": "",
                "vnic_type": "normal"
              }
            ],
            "description": "",
            "device_id": "ae3a0a25-18ed-41d9-9a05-5113d9cda0dd",
            "device_owner": "compute:ru-2a",
            "dns_assignment": [
              {
                "fqdn": "msk-backend-node.local.",
                "hostname": "msk-backend-node",
                "ip_address": "192.168.10.87"
              }
            ],
            "dns_name": "msk-backend-node",
            "extra_dhcp_option": [],
            "fixed_ip": [],
            "id": "6f462898-e31e-4fa2-bedf-e1da17fee13e",
            "mac_address": "fa:16:3e:7b:37:f3",
            "name": "backend-server-port",
            "network_id": "dd89c692-a346-4414-ab4c-6da09a665d09",
            "no_fixed_ip": null,
            "no_security_groups": null,
            "port_security_enabled": true,
            "qos_policy_id": "990eaa8a-db4a-4f81-a929-1e0ced385197",
            "region": "ru-2",
            "security_group_ids": [
              "c2a0397b-5097-4ff5-b86d-e645254c41f3"
            ],
            "tags": [],
            "tenant_id": "d77a2494d49d417daa2c366a2c4851c0",
            "timeouts": null,
            "value_specs": null
          },
          "sensitive_attributes": [],
          "private": "eyJlMmJmYjczMC1lY2FhLTExZTYtOGY4OC0zNDM2M2JjN2M0YzAiOnsiY3JlYXRlIjo2MDAwMDAwMDAwMDAsImRlbGV0ZSI6NjAwMDAwMDAwMDAwfX0=",
          "dependencies": [
            "openstack_networking_network_v2.network",
            "openstack_networking_secgroup_v2.secgroup_db",
            "selectel_vpc_project_v2.msk_backend_project"
          ]
        }
      ]
    },
    {
      "mode": "managed",
      "type": "openstack_networking_router_interface_v2",
      "name": "router_interface",
      "provider": "provider[\"registry.terraform.io/terraform-provider-openstack/openstack\"]",
      "instances": [
        {
          "schema_version": 0,
          "attributes": {
            "force_destroy": false,
            "id": "b33aeb12-9562-427c-906e-912122bedc40",
            "port_id": "b33aeb12-9562-427c-906e-912122bedc40",
            "region": "ru-2",
            "router_id": "4c23df0d-3723-470d-bb19-f81626605977",
            "subnet_id": "c318c910-cacf-4b29-974f-a60f2ba75591",
            "timeouts": null
          },
          "sensitive_attributes": [],
          "private": "eyJlMmJmYjczMC1lY2FhLTExZTYtOGY4OC0zNDM2M2JjN2M0YzAiOnsiY3JlYXRlIjo2MDAwMDAwMDAwMDAsImRlbGV0ZSI6NjAwMDAwMDAwMDAwfX0=",
          "dependencies": [
            "data.openstack_networking_network_v2.external_network",
            "openstack_networking_network_v2.network",
            "openstack_networking_router_v2.router",
            "openstack_networking_subnet_v2.subnet",
            "selectel_vpc_project_v2.msk_backend_project"
          ]
        }
      ]
    },
    {
      "mode": "managed",
      "type": "openstack_networking_router_v2",
      "name": "router",
      "provider": "provider[\"registry.terraform.io/terraform-provider-openstack/openstack\"]",
      "instances": [
        {
          "schema_version": 0,
          "attributes": {
            "admin_state_up": true,
            "all_tags": [],
            "availability_zone_hints": [
              "ru-2a"
            ],
            "description": "",
            "distributed": false,
            "enable_snat": true,
            "external_fixed_ip": [
              {
                "ip_address": "111.88.116.201",
                "subnet_id": "b5a11290-eb76-473f-90bd-b3bf684c47ca"
              }
            ],
            "external_gateway": "8cc4ee6a-8dc9-4865-8877-ef5b5cdef020",
            "external_network_id": "8cc4ee6a-8dc9-4865-8877-ef5b5cdef020",
            "external_subnet_ids": null,
            "id": "4c23df0d-3723-470d-bb19-f81626605977",
            "name": "backend-router",
            "region": "ru-2",
            "tags": [],
            "tenant_id": "d77a2494d49d417daa2c366a2c4851c0",
            "timeouts": null,
            "value_specs": null,
            "vendor_options": []
          },
          "sensitive_attributes": [],
          "private": "eyJlMmJmYjczMC1lY2FhLTExZTYtOGY4OC0zNDM2M2JjN2M0YzAiOnsiY3JlYXRlIjo2MDAwMDAwMDAwMDAsImRlbGV0ZSI6NjAwMDAwMDAwMDAwfX0=",
          "dependencies": [
            "data.openstack_networking_network_v2.external_network",
            "selectel_vpc_project_v2.msk_backend_project"
          ]
        }
      ]
    },
    {
      "mode": "managed",
      "type": "openstack_networking_secgroup_rule_v2",
      "name": "allow_postgres",
      "provider": "provider[\"registry.terraform.io/terraform-provider-openstack/openstack\"]",
      "instances": [
        {
          "schema_version": 0,
          "attributes": {
            "description": "",
            "direction": "ingress",
            "ethertype": "IPv4",
            "id": "1e4ef244-b67e-48b5-b71f-3c50d212c2c3",
            "port_range_max": 5432,
            "port_range_min": 5432,
            "protocol": "tcp",
            "region": "ru-2",
            "remote_group_id": "",
            "remote_ip_prefix": "0.0.0.0/0",
            "security_group_id": "c2a0397b-5097-4ff5-b86d-e645254c41f3",
            "tenant_id": "d77a2494d49d417daa2c366a2c4851c0",
            "timeouts": null
          },
          "sensitive_attributes": [],
          "private": "eyJlMmJmYjczMC1lY2FhLTExZTYtOGY4OC0zNDM2M2JjN2M0YzAiOnsiZGVsZXRlIjo2MDAwMDAwMDAwMDB9fQ==",
          "dependencies": [
            "openstack_networking_secgroup_v2.secgroup_db",
            "selectel_vpc_project_v2.msk_backend_project"
          ]
        }
      ]
    },
    {
      "mode": "managed",
      "type": "openstack_networking_secgroup_rule_v2",
      "name": "allow_ssh",
      "provider": "provider[\"registry.terraform.io/terraform-provider-openstack/openstack\"]",
      "instances": [
        {
          "schema_version": 0,
          "attributes": {
            "description": "",
            "direction": "ingress",
            "ethertype": "IPv4",
            "id": "4a54357f-5181-452b-a556-02ee821130ef",
            "port_range_max": 22,
            "port_range_min": 22,
            "protocol": "tcp",
            "region": "ru-2",
            "remote_group_id": "",
            "remote_ip_prefix": "0.0.0.0/0",
            "security_group_id": "c2a0397b-5097-4ff5-b86d-e645254c41f3",
            "tenant_id": "d77a2494d49d417daa2c366a2c4851c0",
            "timeouts": null
          },
          "sensitive_attributes": [],
          "private": "eyJlMmJmYjczMC1lY2FhLTExZTYtOGY4OC0zNDM2M2JjN2M0YzAiOnsiZGVsZXRlIjo2MDAwMDAwMDAwMDB9fQ==",
          "dependencies": [
            "openstack_networking_secgroup_v2.secgroup_db",
            "selectel_vpc_project_v2.msk_backend_project"
          ]
        }
      ]
    },
    {
      "mode": "managed",
      "type": "openstack_networking_secgroup_v2",
      "name": "secgroup_db",
      "provider": "provider[\"registry.terraform.io/terraform-provider-openstack/openstack\"]",
      "instances": [
        {
          "schema_version": 0,
          "attributes": {
            "all_tags": [],
            "delete_default_rules": null,
            "description": "Allow PostgreSQL traffic",
            "id": "c2a0397b-5097-4ff5-b86d-e645254c41f3",
            "name": "db-security-group",
            "region": "ru-2",
            "tags": [],
            "tenant_id": "d77a2494d49d417daa2c366a2c4851c0",
            "timeouts": null
          },
          "sensitive_attributes": [],
          "private": "eyJlMmJmYjczMC1lY2FhLTExZTYtOGY4OC0zNDM2M2JjN2M0YzAiOnsiZGVsZXRlIjo2MDAwMDAwMDAwMDB9fQ==",
          "dependencies": [
            "selectel_vpc_project_v2.msk_backend_project"
          ]
        }
      ]
    },
    {
      "mode": "managed",
      "type": "openstack_networking_subnet_v2",
      "name": "subnet",
      "provider": "provider[\"registry.terraform.io/terraform-provider-openstack/openstack\"]",
      "instances": [
        {
          "schema_version": 0,
          "attributes": {
            "all_tags": [],
            "allocation_pool": [
              {
                "end": "192.168.10.254",
                "start": "192.168.10.2"
              }
            ],
            "allocation_pools": [
              {
                "end": "192.168.10.254",
                "start": "192.168.10.2"
              }
            ],
            "cidr": "192.168.10.0/24",
            "description": "",
            "dns_nameservers": [],
            "enable_dhcp": true,
            "gateway_ip": "192.168.10.1",
            "host_routes": [],
            "id": "c318c910-cacf-4b29-974f-a60f2ba75591",
            "ip_version": 4,
            "ipv6_address_mode": "",
            "ipv6_ra_mode": "",
            "name": "backend-subnet",
            "network_id": "dd89c692-a346-4414-ab4c-6da09a665d09",
            "no_gateway": false,
            "prefix_length": null,
            "region": "ru-2",
            "service_types": [],
            "subnetpool_id": "",
            "tags": [],
            "tenant_id": "d77a2494d49d417daa2c366a2c4851c0",
            "timeouts": null,
            "value_specs": null
          },
          "sensitive_attributes": [],
          "private": "eyJlMmJmYjczMC1lY2FhLTExZTYtOGY4OC0zNDM2M2JjN2M0YzAiOnsiY3JlYXRlIjo2MDAwMDAwMDAwMDAsImRlbGV0ZSI6NjAwMDAwMDAwMDAwfX0=",
          "dependencies": [
            "openstack_networking_network_v2.network",
            "selectel_vpc_project_v2.msk_backend_project"
          ]
        }
      ]
    },
    {
      "mode": "managed",
      "type": "selectel_vpc_project_v2",
      "name": "msk_backend_project",
      "provider": "provider[\"registry.terraform.io/selectel/selectel\"]",
      "instances": [
        {
          "schema_version": 0,
          "attributes": {
            "all_quotas": [
              {
                "resource_name": "cloud_router",
                "resource_quotas": [
                  {
                    "region": "gis-1",
                    "used": 0,
                    "value": 20,
                    "zone": ""
                  },
                  {
                    "region": "gis-2",
                    "used": 0,
                    "value": 20,
                    "zone": ""
                  },
                  {
                    "region": "ke-1",
                    "used": 0,
                    "value": 20,
                    "zone": ""
                  },
                  {
                    "region": "kz-1",
                    "used": 0,
                    "value": 20,
                    "zone": ""
                  },
                  {
                    "region": "ru-1",
                    "used": 0,
                    "value": 20,
                    "zone": ""
                  },
                  {
                    "region": "ru-2",
                    "used": 1,
                    "value": 20,
                    "zone": ""
                  },
                  {
                    "region": "ru-3",
                    "used": 0,
                    "value": 20,
                    "zone": ""
                  },
                  {
                    "region": "ru-6",
                    "used": 0,
                    "value": 20,
                    "zone": ""
                  },
                  {
                    "region": "ru-7",
                    "used": 0,
                    "value": 20,
                    "zone": ""
                  },
                  {
                    "region": "ru-8",
                    "used": 0,
                    "value": 20,
                    "zone": ""
                  },
                  {
                    "region": "ru-9",
                    "used": 0,
                    "value": 20,
                    "zone": ""
                  },
                  {
                    "region": "uz-1",
                    "used": 0,
                    "value": 20,
                    "zone": ""
                  },
                  {
                    "region": "uz-2",
                    "used": 0,
                    "value": 20,
                    "zone": ""
                  }
                ]
              },
              {
                "resource_name": "compute_cores",
                "resource_quotas": [
                  {
                    "region": "gis-1",
                    "used": 0,
                    "value": 600,
                    "zone": "gis-1a"
                  },
                  {
                    "region": "gis-2",
                    "used": 0,
                    "value": 600,
                    "zone": "gis-2a"
                  },
                  {
                    "region": "ke-1",
                    "used": 0,
                    "value": 5,
                    "zone": "ke-1a"
                  },
                  {
                    "region": "kz-1",
                    "used": 0,
                    "value": 600,
                    "zone": "kz-1a"
                  },
                  {
                    "region": "ru-1",
                    "used": 0,
                    "value": 5,
                    "zone": "ru-1a"
                  },
                  {
                    "region": "ru-1",
                    "used": 0,
                    "value": 600,
                    "zone": "ru-1b"
                  },
                  {
                    "region": "ru-1",
                    "used": 0,
                    "value": 600,
                    "zone": "ru-1c"
                  },
                  {
                    "region": "ru-2",
                    "used": 0,
                    "value": 200,
                    "zone": "ru-2c"
                  },
                  {
                    "region": "ru-2",
                    "used": 0,
                    "value": 20,
                    "zone": "ru-2b"
                  },
                  {
                    "region": "ru-2",
                    "used": 1,
                    "value": 12,
                    "zone": "ru-2a"
                  },
                  {
                    "region": "ru-3",
                    "used": 0,
                    "value": 12,
                    "zone": "ru-3a"
                  },
                  {
                    "region": "ru-3",
                    "used": 0,
                    "value": 600,
                    "zone": "ru-3b"
                  },
                  {
                    "region": "ru-6",
                    "used": 0,
                    "value": 600,
                    "zone": "ru-6a"
                  },
                  {
                    "region": "ru-6",
                    "used": 0,
                    "value": 600,
                    "zone": "ru-6b"
                  },
                  {
                    "region": "ru-6",
                    "used": 0,
                    "value": 600,
                    "zone": "ru-6c"
                  },
                  {
                    "region": "ru-7",
                    "used": 0,
                    "value": 600,
                    "zone": "ru-7a"
                  },
                  {
                    "region": "ru-7",
                    "used": 0,
                    "value": 600,
                    "zone": "ru-7b"
                  },
                  {
                    "region": "ru-8",
                    "used": 0,
                    "value": 600,
                    "zone": "ru-8a"
                  },
                  {
                    "region": "ru-9",
                    "used": 0,
                    "value": 600,
                    "zone": "ru-9a"
                  },
                  {
                    "region": "uz-1",
                    "used": 0,
                    "value": 600,
                    "zone": "uz-1a"
                  },
                  {
                    "region": "uz-2",
                    "used": 0,
                    "value": 600,
                    "zone": "uz-2a"
                  }
                ]
              },
              {
                "resource_name": "compute_pci_gpu_6000_ada",
                "resource_quotas": [
                  {
                    "region": "ru-7",
                    "used": 0,
                    "value": 32,
                    "zone": "ru-7b"
                  }
                ]
              },
              {
                "resource_name": "compute_pci_gpu_a100",
                "resource_quotas": [
                  {
                    "region": "ru-7",
                    "used": 0,
                    "value": 32,
                    "zone": "ru-7a"
                  },
                  {
                    "region": "ru-9",
                    "used": 0,
                    "value": 32,
                    "zone": "ru-9a"
                  }
                ]
              },
              {
                "resource_name": "compute_pci_gpu_a100_80",
                "resource_quotas": [
                  {
                    "region": "ru-7",
                    "used": 0,
                    "value": 32,
                    "zone": "ru-7b"
                  },
                  {
                    "region": "uz-2",
                    "used": 0,
                    "value": 32,
                    "zone": "uz-2a"
                  }
                ]
              },
              {
                "resource_name": "compute_pci_gpu_a2",
                "resource_quotas": [
                  {
                    "region": "ru-7",
                    "used": 0,
                    "value": 32,
                    "zone": "ru-7a"
                  }
                ]
              },
              {
                "resource_name": "compute_pci_gpu_a2000",
                "resource_quotas": [
                  {
                    "region": "ru-7",
                    "used": 0,
                    "value": 32,
                    "zone": "ru-7a"
                  },
                  {
                    "region": "ru-7",
                    "used": 0,
                    "value": 32,
                    "zone": "ru-7b"
                  }
                ]
              },
              {
                "resource_name": "compute_pci_gpu_a30",
                "resource_quotas": [
                  {
                    "region": "ru-7",
                    "used": 0,
                    "value": 32,
                    "zone": "ru-7a"
                  }
                ]
              },
              {
                "resource_name": "compute_pci_gpu_a5000",
                "resource_quotas": [
                  {
                    "region": "kz-1",
                    "used": 0,
                    "value": 32,
                    "zone": "kz-1a"
                  },
                  {
                    "region": "ru-7",
                    "used": 0,
                    "value": 32,
                    "zone": "ru-7a"
                  },
                  {
                    "region": "ru-7",
                    "used": 0,
                    "value": 32,
                    "zone": "ru-7b"
                  },
                  {
                    "region": "uz-2",
                    "used": 0,
                    "value": 32,
                    "zone": "uz-2a"
                  }
                ]
              },
              {
                "resource_name": "compute_pci_gpu_b300_hgx",
                "resource_quotas": [
                  {
                    "region": "ru-6",
                    "used": 0,
                    "value": 0,
                    "zone": "ru-6a"
                  }
                ]
              },
              {
                "resource_name": "compute_pci_gpu_gtx1080",
                "resource_quotas": [
                  {
                    "region": "ru-1",
                    "used": 0,
                    "value": 32,
                    "zone": "ru-1a"
                  },
                  {
                    "region": "ru-1",
                    "used": 0,
                    "value": 32,
                    "zone": "ru-1b"
                  },
                  {
                    "region": "ru-1",
                    "used": 0,
                    "value": 32,
                    "zone": "ru-1c"
                  },
                  {
                    "region": "ru-2",
                    "used": 0,
                    "value": 32,
                    "zone": "ru-2b"
                  },
                  {
                    "region": "ru-3",
                    "used": 0,
                    "value": 32,
                    "zone": "ru-3a"
                  },
                  {
                    "region": "ru-3",
                    "used": 0,
                    "value": 32,
                    "zone": "ru-3b"
                  },
                  {
                    "region": "ru-7",
                    "used": 0,
                    "value": 32,
                    "zone": "ru-7a"
                  },
                  {
                    "region": "ru-8",
                    "used": 0,
                    "value": 8,
                    "zone": "ru-8a"
                  },
                  {
                    "region": "ru-9",
                    "used": 0,
                    "value": 32,
                    "zone": "ru-9a"
                  }
                ]
              },
              {
                "resource_name": "compute_pci_gpu_h100",
                "resource_quotas": [
                  {
                    "region": "ru-7",
                    "used": 0,
                    "value": 32,
                    "zone": "ru-7b"
                  }
                ]
              },
              {
                "resource_name": "compute_pci_gpu_h200",
                "resource_quotas": [
                  {
                    "region": "ru-6",
                    "used": 0,
                    "value": 32,
                    "zone": "ru-6a"
                  },
                  {
                    "region": "ru-6",
                    "used": 0,
                    "value": 32,
                    "zone": "ru-6b"
                  },
                  {
                    "region": "ru-6",
                    "used": 0,
                    "value": 32,
                    "zone": "ru-6c"
                  },
                  {
                    "region": "ru-7",
                    "used": 0,
                    "value": 32,
                    "zone": "ru-7b"
                  }
                ]
              },
              {
                "resource_name": "compute_pci_gpu_l4",
                "resource_quotas": [
                  {
                    "region": "ru-6",
                    "used": 0,
                    "value": 32,
                    "zone": "ru-6a"
                  },
                  {
                    "region": "ru-7",
                    "used": 0,
                    "value": 32,
                    "zone": "ru-7a"
                  }
                ]
              },
              {
                "resource_name": "compute_pci_gpu_rtx2080ti",
                "resource_quotas": [
                  {
                    "region": "ru-7",
                    "used": 0,
                    "value": 32,
                    "zone": "ru-7b"
                  }
                ]
              },
              {
                "resource_name": "compute_pci_gpu_rtx4090",
                "resource_quotas": [
                  {
                    "region": "ru-6",
                    "used": 0,
                    "value": 0,
                    "zone": "ru-6b"
                  },
                  {
                    "region": "ru-6",
                    "used": 0,
                    "value": 0,
                    "zone": "ru-6c"
                  },
                  {
                    "region": "ru-6",
                    "used": 0,
                    "value": 32,
                    "zone": "ru-6a"
                  },
                  {
                    "region": "ru-7",
                    "used": 0,
                    "value": 32,
                    "zone": "ru-7b"
                  }
                ]
              },
              {
                "resource_name": "compute_pci_gpu_rtx4090_48",
                "resource_quotas": [
                  {
                    "region": "ru-6",
                    "used": 0,
                    "value": 0,
                    "zone": "ru-6b"
                  },
                  {
                    "region": "ru-6",
                    "used": 0,
                    "value": 0,
                    "zone": "ru-6c"
                  },
                  {
                    "region": "ru-6",
                    "used": 0,
                    "value": 32,
                    "zone": "ru-6a"
                  }
                ]
              },
              {
                "resource_name": "compute_pci_gpu_rtx6000pro",
                "resource_quotas": [
                  {
                    "region": "ru-6",
                    "used": 0,
                    "value": 32,
                    "zone": "ru-6a"
                  },
                  {
                    "region": "ru-6",
                    "used": 0,
                    "value": 32,
                    "zone": "ru-6b"
                  },
                  {
                    "region": "ru-6",
                    "used": 0,
                    "value": 32,
                    "zone": "ru-6c"
                  },
                  {
                    "region": "ru-7",
                    "used": 0,
                    "value": 32,
                    "zone": "ru-7a"
                  },
                  {
                    "region": "ru-7",
                    "used": 0,
                    "value": 32,
                    "zone": "ru-7b"
                  }
                ]
              },
              {
                "resource_name": "compute_pci_gpu_t4",
                "resource_quotas": [
                  {
                    "region": "gis-2",
                    "used": 0,
                    "value": 32,
                    "zone": "gis-2a"
                  },
                  {
                    "region": "ru-2",
                    "used": 0,
                    "value": 32,
                    "zone": "ru-2c"
                  },
                  {
                    "region": "ru-3",
                    "used": 0,
                    "value": 32,
                    "zone": "ru-3b"
                  },
                  {
                    "region": "ru-7",
                    "used": 0,
                    "value": 32,
                    "zone": "ru-7a"
                  },
                  {
                    "region": "ru-9",
                    "used": 0,
                    "value": 32,
                    "zone": "ru-9a"
                  }
                ]
              },
              {
                "resource_name": "compute_ram",
                "resource_quotas": [
                  {
                    "region": "gis-1",
                    "used": 0,
                    "value": 524288,
                    "zone": "gis-1a"
                  },
                  {
                    "region": "gis-2",
                    "used": 0,
                    "value": 524288,
                    "zone": "gis-2a"
                  },
                  {
                    "region": "ke-1",
                    "used": 0,
                    "value": 16384,
                    "zone": "ke-1a"
                  },
                  {
                    "region": "kz-1",
                    "used": 0,
                    "value": 524288,
                    "zone": "kz-1a"
                  },
                  {
                    "region": "ru-1",
                    "used": 0,
                    "value": 0,
                    "zone": "ru-1a"
                  },
                  {
                    "region": "ru-1",
                    "used": 0,
                    "value": 5120000,
                    "zone": "ru-1b"
                  },
                  {
                    "region": "ru-1",
                    "used": 0,
                    "value": 5120000,
                    "zone": "ru-1c"
                  },
                  {
                    "region": "ru-2",
                    "used": 0,
                    "value": 262144,
                    "zone": "ru-2b"
                  },
                  {
                    "region": "ru-2",
                    "used": 0,
                    "value": 524288,
                    "zone": "ru-2c"
                  },
                  {
                    "region": "ru-2",
                    "used": 2048,
                    "value": 20480,
                    "zone": "ru-2a"
                  },
                  {
                    "region": "ru-3",
                    "used": 0,
                    "value": 20480,
                    "zone": "ru-3a"
                  },
                  {
                    "region": "ru-3",
                    "used": 0,
                    "value": 5120000,
                    "zone": "ru-3b"
                  },
                  {
                    "region": "ru-6",
                    "used": 0,
                    "value": 5120000,
                    "zone": "ru-6a"
                  },
                  {
                    "region": "ru-6",
                    "used": 0,
                    "value": 5120000,
                    "zone": "ru-6b"
                  },
                  {
                    "region": "ru-6",
                    "used": 0,
                    "value": 5120000,
                    "zone": "ru-6c"
                  },
                  {
                    "region": "ru-7",
                    "used": 0,
                    "value": 5120000,
                    "zone": "ru-7a"
                  },
                  {
                    "region": "ru-7",
                    "used": 0,
                    "value": 5120000,
                    "zone": "ru-7b"
                  },
                  {
                    "region": "ru-8",
                    "used": 0,
                    "value": 5120000,
                    "zone": "ru-8a"
                  },
                  {
                    "region": "ru-9",
                    "used": 0,
                    "value": 5120000,
                    "zone": "ru-9a"
                  },
                  {
                    "region": "uz-1",
                    "used": 0,
                    "value": 524288,
                    "zone": "uz-1a"
                  },
                  {
                    "region": "uz-2",
                    "used": 0,
                    "value": 524288,
                    "zone": "uz-2a"
                  }
                ]
              },
              {
                "resource_name": "dbaas_compute_cores",
                "resource_quotas": [
                  {
                    "region": "ke-1",
                    "used": 0,
                    "value": 600,
                    "zone": ""
                  },
                  {
                    "region": "kz-1",
                    "used": 0,
                    "value": 600,
                    "zone": ""
                  },
                  {
                    "region": "ru-1",
                    "used": 0,
                    "value": 100000,
                    "zone": ""
                  },
                  {
                    "region": "ru-2",
                    "used": 0,
                    "value": 600,
                    "zone": ""
                  },
                  {
                    "region": "ru-3",
                    "used": 0,
                    "value": 600,
                    "zone": ""
                  },
                  {
                    "region": "ru-6",
                    "used": 0,
                    "value": 600,
                    "zone": ""
                  },
                  {
                    "region": "ru-7",
                    "used": 0,
                    "value": 600,
                    "zone": ""
                  },
                  {
                    "region": "ru-9",
                    "used": 0,
                    "value": 600,
                    "zone": ""
                  },
                  {
                    "region": "uz-1",
                    "used": 0,
                    "value": 75,
                    "zone": ""
                  },
                  {
                    "region": "uz-2",
                    "used": 0,
                    "value": 600,
                    "zone": ""
                  }
                ]
              },
              {
                "resource_name": "dbaas_compute_ram",
                "resource_quotas": [
                  {
                    "region": "ke-1",
                    "used": 0,
                    "value": 5120000,
                    "zone": ""
                  },
                  {
                    "region": "kz-1",
                    "used": 0,
                    "value": 5120000,
                    "zone": ""
                  },
                  {
                    "region": "ru-1",
                    "used": 0,
                    "value": 5120000,
                    "zone": ""
                  },
                  {
                    "region": "ru-2",
                    "used": 0,
                    "value": 5120000,
                    "zone": ""
                  },
                  {
                    "region": "ru-3",
                    "used": 0,
                    "value": 5120000,
                    "zone": ""
                  },
                  {
                    "region": "ru-6",
                    "used": 0,
                    "value": 5120000,
                    "zone": ""
                  },
                  {
                    "region": "ru-7",
                    "used": 0,
                    "value": 5120000,
                    "zone": ""
                  },
                  {
                    "region": "ru-9",
                    "used": 0,
                    "value": 5120000,
                    "zone": ""
                  },
                  {
                    "region": "uz-1",
                    "used": 0,
                    "value": 262144,
                    "zone": ""
                  },
                  {
                    "region": "uz-2",
                    "used": 0,
                    "value": 5120000,
                    "zone": ""
                  }
                ]
              },
              {
                "resource_name": "dbaas_volume_gigabytes_local",
                "resource_quotas": [
                  {
                    "region": "ke-1",
                    "used": 0,
                    "value": 5000,
                    "zone": ""
                  },
                  {
                    "region": "kz-1",
                    "used": 0,
                    "value": 5000,
                    "zone": ""
                  },
                  {
                    "region": "ru-1",
                    "used": 0,
                    "value": 5000,
                    "zone": ""
                  },
                  {
                    "region": "ru-2",
                    "used": 0,
                    "value": 5000,
                    "zone": ""
                  },
                  {
                    "region": "ru-3",
                    "used": 0,
                    "value": 100000,
                    "zone": ""
                  },
                  {
                    "region": "ru-6",
                    "used": 0,
                    "value": 5000,
                    "zone": ""
                  },
                  {
                    "region": "ru-7",
                    "used": 0,
                    "value": 100000,
                    "zone": ""
                  },
                  {
                    "region": "ru-9",
                    "used": 0,
                    "value": 100000,
                    "zone": ""
                  },
                  {
                    "region": "uz-1",
                    "used": 0,
                    "value": 2000,
                    "zone": ""
                  },
                  {
                    "region": "uz-2",
                    "used": 0,
                    "value": 5000,
                    "zone": ""
                  }
                ]
              },
              {
                "resource_name": "dbaas_volume_gigabytes_network_ultra",
                "resource_quotas": [
                  {
                    "region": "ke-1",
                    "used": 0,
                    "value": 1000,
                    "zone": ""
                  },
                  {
                    "region": "kz-1",
                    "used": 0,
                    "value": 5000,
                    "zone": ""
                  },
                  {
                    "region": "ru-1",
                    "used": 0,
                    "value": 1000,
                    "zone": ""
                  },
                  {
                    "region": "ru-2",
                    "used": 0,
                    "value": 1000,
                    "zone": ""
                  },
                  {
                    "region": "ru-3",
                    "used": 0,
                    "value": 5000,
                    "zone": ""
                  },
                  {
                    "region": "ru-6",
                    "used": 0,
                    "value": 5000,
                    "zone": ""
                  },
                  {
                    "region": "ru-7",
                    "used": 0,
                    "value": 5000,
                    "zone": ""
                  },
                  {
                    "region": "ru-9",
                    "used": 0,
                    "value": 5000,
                    "zone": ""
                  },
                  {
                    "region": "uz-1",
                    "used": 0,
                    "value": 2000,
                    "zone": ""
                  },
                  {
                    "region": "uz-2",
                    "used": 0,
                    "value": 5000,
                    "zone": ""
                  }
                ]
              },
              {
                "resource_name": "image_gigabytes",
                "resource_quotas": [
                  {
                    "region": "gis-1",
                    "used": 0,
                    "value": 10000,
                    "zone": ""
                  },
                  {
                    "region": "gis-2",
                    "used": 0,
                    "value": 10000,
                    "zone": ""
                  },
                  {
                    "region": "ke-1",
                    "used": 0,
                    "value": 10000,
                    "zone": ""
                  },
                  {
                    "region": "kz-1",
                    "used": 0,
                    "value": 10000,
                    "zone": ""
                  },
                  {
                    "region": "ru-1",
                    "used": 0,
                    "value": 150000,
                    "zone": ""
                  },
                  {
                    "region": "ru-2",
                    "used": 0,
                    "value": 150000,
                    "zone": ""
                  },
                  {
                    "region": "ru-3",
                    "used": 0,
                    "value": 150000,
                    "zone": ""
                  },
                  {
                    "region": "ru-6",
                    "used": 0,
                    "value": 150000,
                    "zone": ""
                  },
                  {
                    "region": "ru-7",
                    "used": 0,
                    "value": 150000,
                    "zone": ""
                  },
                  {
                    "region": "ru-8",
                    "used": 0,
                    "value": 150000,
                    "zone": ""
                  },
                  {
                    "region": "ru-9",
                    "used": 0,
                    "value": 150000,
                    "zone": ""
                  },
                  {
                    "region": "uz-1",
                    "used": 0,
                    "value": 10000,
                    "zone": ""
                  },
                  {
                    "region": "uz-2",
                    "used": 0,
                    "value": 10000,
                    "zone": ""
                  }
                ]
              },
              {
                "resource_name": "inference_service_compute_cores",
                "resource_quotas": [
                  {
                    "region": "ru-7",
                    "used": 0,
                    "value": 64,
                    "zone": ""
                  }
                ]
              },
              {
                "resource_name": "inference_service_compute_cores_hifreq",
                "resource_quotas": [
                  {
                    "region": "ru-7",
                    "used": 0,
                    "value": 64,
                    "zone": ""
                  }
                ]
              },
              {
                "resource_name": "inference_service_compute_ram",
                "resource_quotas": [
                  {
                    "region": "ru-7",
                    "used": 0,
                    "value": 1048576,
                    "zone": ""
                  }
                ]
              },
              {
                "resource_name": "inference_service_compute_ram_hifreq",
                "resource_quotas": [
                  {
                    "region": "ru-7",
                    "used": 0,
                    "value": 1048576,
                    "zone": ""
                  }
                ]
              },
              {
                "resource_name": "inference_service_gpu_nvidia_a100_40",
                "resource_quotas": [
                  {
                    "region": "ru-7",
                    "used": 0,
                    "value": 4,
                    "zone": ""
                  }
                ]
              },
              {
                "resource_name": "inference_service_gpu_nvidia_a100_80",
                "resource_quotas": [
                  {
                    "region": "ru-7",
                    "used": 0,
                    "value": 4,
                    "zone": ""
                  }
                ]
              },
              {
                "resource_name": "inference_service_gpu_nvidia_a2000_6",
                "resource_quotas": [
                  {
                    "region": "ru-7",
                    "used": 0,
                    "value": 4,
                    "zone": ""
                  }
                ]
              },
              {
                "resource_name": "inference_service_gpu_nvidia_a2_16",
                "resource_quotas": [
                  {
                    "region": "ru-7",
                    "used": 0,
                    "value": 4,
                    "zone": ""
                  }
                ]
              },
              {
                "resource_name": "inference_service_gpu_nvidia_a30_24",
                "resource_quotas": [
                  {
                    "region": "ru-7",
                    "used": 0,
                    "value": 4,
                    "zone": ""
                  }
                ]
              },
              {
                "resource_name": "inference_service_gpu_nvidia_a5000_24",
                "resource_quotas": [
                  {
                    "region": "ru-7",
                    "used": 0,
                    "value": 4,
                    "zone": ""
                  }
                ]
              },
              {
                "resource_name": "inference_service_gpu_nvidia_h100_80",
                "resource_quotas": [
                  {
                    "region": "ru-7",
                    "used": 0,
                    "value": 4,
                    "zone": ""
                  }
                ]
              },
              {
                "resource_name": "inference_service_gpu_nvidia_h200_141",
                "resource_quotas": [
                  {
                    "region": "ru-7",
                    "used": 0,
                    "value": 4,
                    "zone": ""
                  }
                ]
              },
              {
                "resource_name": "inference_service_gpu_nvidia_l4_24",
                "resource_quotas": [
                  {
                    "region": "ru-7",
                    "used": 0,
                    "value": 4,
                    "zone": ""
                  }
                ]
              },
              {
                "resource_name": "inference_service_gpu_nvidia_rtx4090_24",
                "resource_quotas": [
                  {
                    "region": "ru-7",
                    "used": 0,
                    "value": 4,
                    "zone": ""
                  }
                ]
              },
              {
                "resource_name": "inference_service_gpu_nvidia_rtx6000_ada_48",
                "resource_quotas": [
                  {
                    "region": "ru-7",
                    "used": 0,
                    "value": 4,
                    "zone": ""
                  }
                ]
              },
              {
                "resource_name": "inference_service_gpu_nvidia_rtx6000pro_96",
                "resource_quotas": [
                  {
                    "region": "ru-7",
                    "used": 0,
                    "value": 4,
                    "zone": ""
                  }
                ]
              },
              {
                "resource_name": "inference_service_gpu_nvidia_t4_16",
                "resource_quotas": [
                  {
                    "region": "ru-7",
                    "used": 0,
                    "value": 4,
                    "zone": ""
                  }
                ]
              },
              {
                "resource_name": "inference_service_volume_fast",
                "resource_quotas": [
                  {
                    "region": "ru-7",
                    "used": 0,
                    "value": 2048,
                    "zone": ""
                  }
                ]
              },
              {
                "resource_name": "license_windows_2012_standard",
                "resource_quotas": [
                  {
                    "region": "gis-1",
                    "used": 0,
                    "value": 0,
                    "zone": ""
                  },
                  {
                    "region": "ke-1",
                    "used": 0,
                    "value": 0,
                    "zone": ""
                  },
                  {
                    "region": "kz-1",
                    "used": 0,
                    "value": 0,
                    "zone": ""
                  },
                  {
                    "region": "ru-1",
                    "used": 0,
                    "value": 0,
                    "zone": ""
                  },
                  {
                    "region": "ru-2",
                    "used": 0,
                    "value": 0,
                    "zone": ""
                  },
                  {
                    "region": "ru-3",
                    "used": 0,
                    "value": 0,
                    "zone": ""
                  },
                  {
                    "region": "ru-7",
                    "used": 0,
                    "value": 0,
                    "zone": ""
                  },
                  {
                    "region": "ru-8",
                    "used": 0,
                    "value": 0,
                    "zone": ""
                  },
                  {
                    "region": "ru-9",
                    "used": 0,
                    "value": 0,
                    "zone": ""
                  },
                  {
                    "region": "uz-1",
                    "used": 0,
                    "value": 0,
                    "zone": ""
                  },
                  {
                    "region": "uz-2",
                    "used": 0,
                    "value": 0,
                    "zone": ""
                  }
                ]
              },
              {
                "resource_name": "license_windows_2016_standard",
                "resource_quotas": [
                  {
                    "region": "gis-1",
                    "used": 0,
                    "value": 0,
                    "zone": ""
                  },
                  {
                    "region": "ke-1",
                    "used": 0,
                    "value": 0,
                    "zone": ""
                  },
                  {
                    "region": "kz-1",
                    "used": 0,
                    "value": 0,
                    "zone": ""
                  },
                  {
                    "region": "ru-1",
                    "used": 0,
                    "value": 0,
                    "zone": ""
                  },
                  {
                    "region": "ru-2",
                    "used": 0,
                    "value": 0,
                    "zone": ""
                  },
                  {
                    "region": "ru-3",
                    "used": 0,
                    "value": 0,
                    "zone": ""
                  },
                  {
                    "region": "ru-7",
                    "used": 0,
                    "value": 0,
                    "zone": ""
                  },
                  {
                    "region": "ru-8",
                    "used": 0,
                    "value": 0,
                    "zone": ""
                  },
                  {
                    "region": "ru-9",
                    "used": 0,
                    "value": 0,
                    "zone": ""
                  },
                  {
                    "region": "uz-1",
                    "used": 0,
                    "value": 0,
                    "zone": ""
                  },
                  {
                    "region": "uz-2",
                    "used": 0,
                    "value": 0,
                    "zone": ""
                  }
                ]
              },
              {
                "resource_name": "license_windows_2019_standard",
                "resource_quotas": [
                  {
                    "region": "gis-1",
                    "used": 0,
                    "value": 0,
                    "zone": ""
                  },
                  {
                    "region": "ke-1",
                    "used": 0,
                    "value": 0,
                    "zone": ""
                  },
                  {
                    "region": "kz-1",
                    "used": 0,
                    "value": 0,
                    "zone": ""
                  },
                  {
                    "region": "ru-1",
                    "used": 0,
                    "value": 0,
                    "zone": ""
                  },
                  {
                    "region": "ru-2",
                    "used": 0,
                    "value": 0,
                    "zone": ""
                  },
                  {
                    "region": "ru-3",
                    "used": 0,
                    "value": 0,
                    "zone": ""
                  },
                  {
                    "region": "ru-7",
                    "used": 0,
                    "value": 0,
                    "zone": ""
                  },
                  {
                    "region": "ru-8",
                    "used": 0,
                    "value": 0,
                    "zone": ""
                  },
                  {
                    "region": "ru-9",
                    "used": 0,
                    "value": 0,
                    "zone": ""
                  },
                  {
                    "region": "uz-1",
                    "used": 0,
                    "value": 0,
                    "zone": ""
                  },
                  {
                    "region": "uz-2",
                    "used": 0,
                    "value": 0,
                    "zone": ""
                  }
                ]
              },
              {
                "resource_name": "load_balancers",
                "resource_quotas": [
                  {
                    "region": "gis-1",
                    "used": 0,
                    "value": 100,
                    "zone": ""
                  },
                  {
                    "region": "gis-2",
                    "used": 0,
                    "value": 100,
                    "zone": ""
                  },
                  {
                    "region": "ke-1",
                    "used": 0,
                    "value": 100,
                    "zone": ""
                  },
                  {
                    "region": "kz-1",
                    "used": 0,
                    "value": 100,
                    "zone": ""
                  },
                  {
                    "region": "ru-1",
                    "used": 0,
                    "value": 100,
                    "zone": ""
                  },
                  {
                    "region": "ru-2",
                    "used": 0,
                    "value": 100,
                    "zone": ""
                  },
                  {
                    "region": "ru-3",
                    "used": 0,
                    "value": 100,
                    "zone": ""
                  },
                  {
                    "region": "ru-6",
                    "used": 0,
                    "value": 100,
                    "zone": ""
                  },
                  {
                    "region": "ru-7",
                    "used": 0,
                    "value": 100,
                    "zone": ""
                  },
                  {
                    "region": "ru-8",
                    "used": 0,
                    "value": 100,
                    "zone": ""
                  },
                  {
                    "region": "ru-9",
                    "used": 0,
                    "value": 100,
                    "zone": ""
                  },
                  {
                    "region": "uz-1",
                    "used": 0,
                    "value": 100,
                    "zone": ""
                  },
                  {
                    "region": "uz-2",
                    "used": 0,
                    "value": 100,
                    "zone": ""
                  }
                ]
              },
              {
                "resource_name": "mks_cluster_high_availability_multi_az",
                "resource_quotas": [
                  {
                    "region": "ru-6",
                    "used": 0,
                    "value": 20,
                    "zone": ""
                  }
                ]
              },
              {
                "resource_name": "mks_cluster_regional",
                "resource_quotas": [
                  {
                    "region": "ke-1",
                    "used": 0,
                    "value": 20,
                    "zone": ""
                  },
                  {
                    "region": "kz-1",
                    "used": 0,
                    "value": 20,
                    "zone": ""
                  },
                  {
                    "region": "ru-1",
                    "used": 0,
                    "value": 200,
                    "zone": ""
                  },
                  {
                    "region": "ru-2",
                    "used": 0,
                    "value": 200,
                    "zone": ""
                  },
                  {
                    "region": "ru-3",
                    "used": 0,
                    "value": 200,
                    "zone": ""
                  },
                  {
                    "region": "ru-7",
                    "used": 0,
                    "value": 200,
                    "zone": ""
                  },
                  {
                    "region": "ru-8",
                    "used": 0,
                    "value": 200,
                    "zone": ""
                  },
                  {
                    "region": "ru-9",
                    "used": 0,
                    "value": 200,
                    "zone": ""
                  },
                  {
                    "region": "uz-1",
                    "used": 0,
                    "value": 20,
                    "zone": ""
                  },
                  {
                    "region": "uz-2",
                    "used": 0,
                    "value": 20,
                    "zone": ""
                  }
                ]
              },
              {
                "resource_name": "mks_cluster_zonal",
                "resource_quotas": [
                  {
                    "region": "ke-1",
                    "used": 0,
                    "value": 20,
                    "zone": ""
                  },
                  {
                    "region": "kz-1",
                    "used": 0,
                    "value": 20,
                    "zone": ""
                  },
                  {
                    "region": "ru-1",
                    "used": 0,
                    "value": 200,
                    "zone": ""
                  },
                  {
                    "region": "ru-2",
                    "used": 0,
                    "value": 200,
                    "zone": ""
                  },
                  {
                    "region": "ru-3",
                    "used": 0,
                    "value": 200,
                    "zone": ""
                  },
                  {
                    "region": "ru-6",
                    "used": 0,
                    "value": 20,
                    "zone": ""
                  },
                  {
                    "region": "ru-7",
                    "used": 0,
                    "value": 200,
                    "zone": ""
                  },
                  {
                    "region": "ru-8",
                    "used": 0,
                    "value": 200,
                    "zone": ""
                  },
                  {
                    "region": "ru-9",
                    "used": 0,
                    "value": 200,
                    "zone": ""
                  },
                  {
                    "region": "uz-1",
                    "used": 0,
                    "value": 20,
                    "zone": ""
                  },
                  {
                    "region": "uz-2",
                    "used": 0,
                    "value": 20,
                    "zone": ""
                  }
                ]
              },
              {
                "resource_name": "network_direct_public_ips",
                "resource_quotas": [
                  {
                    "region": "gis-1",
                    "used": 0,
                    "value": 20,
                    "zone": ""
                  },
                  {
                    "region": "gis-2",
                    "used": 0,
                    "value": 20,
                    "zone": ""
                  },
                  {
                    "region": "ke-1",
                    "used": 0,
                    "value": 20,
                    "zone": ""
                  },
                  {
                    "region": "kz-1",
                    "used": 0,
                    "value": 20,
                    "zone": ""
                  },
                  {
                    "region": "ru-1",
                    "used": 0,
                    "value": 20,
                    "zone": ""
                  },
                  {
                    "region": "ru-2",
                    "used": 0,
                    "value": 20,
                    "zone": ""
                  },
                  {
                    "region": "ru-3",
                    "used": 0,
                    "value": 20,
                    "zone": ""
                  },
                  {
                    "region": "ru-6",
                    "used": 0,
                    "value": 20,
                    "zone": ""
                  },
                  {
                    "region": "ru-7",
                    "used": 0,
                    "value": 20,
                    "zone": ""
                  },
                  {
                    "region": "ru-8",
                    "used": 0,
                    "value": 20,
                    "zone": ""
                  },
                  {
                    "region": "ru-9",
                    "used": 0,
                    "value": 20,
                    "zone": ""
                  },
                  {
                    "region": "uz-2",
                    "used": 0,
                    "value": 20,
                    "zone": ""
                  }
                ]
              },
              {
                "resource_name": "network_floatingips",
                "resource_quotas": [
                  {
                    "region": "gis-1",
                    "used": 0,
                    "value": 12,
                    "zone": ""
                  },
                  {
                    "region": "gis-2",
                    "used": 0,
                    "value": 12,
                    "zone": ""
                  },
                  {
                    "region": "ke-1",
                    "used": 0,
                    "value": 12,
                    "zone": ""
                  },
                  {
                    "region": "kz-1",
                    "used": 0,
                    "value": 12,
                    "zone": ""
                  },
                  {
                    "region": "ru-1",
                    "used": 0,
                    "value": 12,
                    "zone": ""
                  },
                  {
                    "region": "ru-2",
                    "used": 1,
                    "value": 12,
                    "zone": ""
                  },
                  {
                    "region": "ru-3",
                    "used": 0,
                    "value": 12,
                    "zone": ""
                  },
                  {
                    "region": "ru-6",
                    "used": 0,
                    "value": 12,
                    "zone": ""
                  },
                  {
                    "region": "ru-7",
                    "used": 0,
                    "value": 12,
                    "zone": ""
                  },
                  {
                    "region": "ru-8",
                    "used": 0,
                    "value": 12,
                    "zone": ""
                  },
                  {
                    "region": "ru-9",
                    "used": 0,
                    "value": 12,
                    "zone": ""
                  },
                  {
                    "region": "uz-1",
                    "used": 0,
                    "value": 12,
                    "zone": ""
                  },
                  {
                    "region": "uz-2",
                    "used": 0,
                    "value": 12,
                    "zone": ""
                  }
                ]
              },
              {
                "resource_name": "network_subnets_24",
                "resource_quotas": [
                  {
                    "region": "gis-1",
                    "used": 0,
                    "value": 0,
                    "zone": ""
                  },
                  {
                    "region": "gis-2",
                    "used": 0,
                    "value": 0,
                    "zone": ""
                  },
                  {
                    "region": "ke-1",
                    "used": 0,
                    "value": 0,
                    "zone": ""
                  },
                  {
                    "region": "kz-1",
                    "used": 0,
                    "value": 0,
                    "zone": ""
                  },
                  {
                    "region": "ru-1",
                    "used": 0,
                    "value": 0,
                    "zone": ""
                  },
                  {
                    "region": "ru-2",
                    "used": 0,
                    "value": 0,
                    "zone": ""
                  },
                  {
                    "region": "ru-3",
                    "used": 0,
                    "value": 0,
                    "zone": ""
                  },
                  {
                    "region": "ru-6",
                    "used": 0,
                    "value": 0,
                    "zone": ""
                  },
                  {
                    "region": "ru-7",
                    "used": 0,
                    "value": 0,
                    "zone": ""
                  },
                  {
                    "region": "ru-8",
                    "used": 0,
                    "value": 0,
                    "zone": ""
                  },
                  {
                    "region": "ru-9",
                    "used": 0,
                    "value": 0,
                    "zone": ""
                  },
                  {
                    "region": "uz-1",
                    "used": 0,
                    "value": 0,
                    "zone": ""
                  },
                  {
                    "region": "uz-2",
                    "used": 0,
                    "value": 0,
                    "zone": ""
                  }
                ]
              },
              {
                "resource_name": "network_subnets_25",
                "resource_quotas": [
                  {
                    "region": "gis-1",
                    "used": 0,
                    "value": 0,
                    "zone": ""
                  },
                  {
                    "region": "gis-2",
                    "used": 0,
                    "value": 0,
                    "zone": ""
                  },
                  {
                    "region": "ke-1",
                    "used": 0,
                    "value": 0,
                    "zone": ""
                  },
                  {
                    "region": "kz-1",
                    "used": 0,
                    "value": 0,
                    "zone": ""
                  },
                  {
                    "region": "ru-1",
                    "used": 0,
                    "value": 0,
                    "zone": ""
                  },
                  {
                    "region": "ru-2",
                    "used": 0,
                    "value": 0,
                    "zone": ""
                  },
                  {
                    "region": "ru-3",
                    "used": 0,
                    "value": 0,
                    "zone": ""
                  },
                  {
                    "region": "ru-6",
                    "used": 0,
                    "value": 0,
                    "zone": ""
                  },
                  {
                    "region": "ru-7",
                    "used": 0,
                    "value": 0,
                    "zone": ""
                  },
                  {
                    "region": "ru-8",
                    "used": 0,
                    "value": 0,
                    "zone": ""
                  },
                  {
                    "region": "ru-9",
                    "used": 0,
                    "value": 0,
                    "zone": ""
                  },
                  {
                    "region": "uz-1",
                    "used": 0,
                    "value": 0,
                    "zone": ""
                  },
                  {
                    "region": "uz-2",
                    "used": 0,
                    "value": 0,
                    "zone": ""
                  }
                ]
              },
              {
                "resource_name": "network_subnets_26",
                "resource_quotas": [
                  {
                    "region": "gis-1",
                    "used": 0,
                    "value": 0,
                    "zone": ""
                  },
                  {
                    "region": "gis-2",
                    "used": 0,
                    "value": 0,
                    "zone": ""
                  },
                  {
                    "region": "ke-1",
                    "used": 0,
                    "value": 0,
                    "zone": ""
                  },
                  {
                    "region": "kz-1",
                    "used": 0,
                    "value": 0,
                    "zone": ""
                  },
                  {
                    "region": "ru-1",
                    "used": 0,
                    "value": 0,
                    "zone": ""
                  },
                  {
                    "region": "ru-2",
                    "used": 0,
                    "value": 0,
                    "zone": ""
                  },
                  {
                    "region": "ru-3",
                    "used": 0,
                    "value": 0,
                    "zone": ""
                  },
                  {
                    "region": "ru-6",
                    "used": 0,
                    "value": 0,
                    "zone": ""
                  },
                  {
                    "region": "ru-7",
                    "used": 0,
                    "value": 0,
                    "zone": ""
                  },
                  {
                    "region": "ru-8",
                    "used": 0,
                    "value": 0,
                    "zone": ""
                  },
                  {
                    "region": "ru-9",
                    "used": 0,
                    "value": 0,
                    "zone": ""
                  },
                  {
                    "region": "uz-1",
                    "used": 0,
                    "value": 0,
                    "zone": ""
                  },
                  {
                    "region": "uz-2",
                    "used": 0,
                    "value": 0,
                    "zone": ""
                  }
                ]
              },
              {
                "resource_name": "network_subnets_27",
                "resource_quotas": [
                  {
                    "region": "gis-1",
                    "used": 0,
                    "value": 0,
                    "zone": ""
                  },
                  {
                    "region": "gis-2",
                    "used": 0,
                    "value": 0,
                    "zone": ""
                  },
                  {
                    "region": "ke-1",
                    "used": 0,
                    "value": 0,
                    "zone": ""
                  },
                  {
                    "region": "kz-1",
                    "used": 0,
                    "value": 0,
                    "zone": ""
                  },
                  {
                    "region": "ru-1",
                    "used": 0,
                    "value": 0,
                    "zone": ""
                  },
                  {
                    "region": "ru-2",
                    "used": 0,
                    "value": 0,
                    "zone": ""
                  },
                  {
                    "region": "ru-3",
                    "used": 0,
                    "value": 0,
                    "zone": ""
                  },
                  {
                    "region": "ru-6",
                    "used": 0,
                    "value": 0,
                    "zone": ""
                  },
                  {
                    "region": "ru-7",
                    "used": 0,
                    "value": 0,
                    "zone": ""
                  },
                  {
                    "region": "ru-8",
                    "used": 0,
                    "value": 0,
                    "zone": ""
                  },
                  {
                    "region": "ru-9",
                    "used": 0,
                    "value": 0,
                    "zone": ""
                  },
                  {
                    "region": "uz-1",
                    "used": 0,
                    "value": 0,
                    "zone": ""
                  },
                  {
                    "region": "uz-2",
                    "used": 0,
                    "value": 0,
                    "zone": ""
                  }
                ]
              },
              {
                "resource_name": "network_subnets_28",
                "resource_quotas": [
                  {
                    "region": "gis-1",
                    "used": 0,
                    "value": 0,
                    "zone": ""
                  },
                  {
                    "region": "gis-2",
                    "used": 0,
                    "value": 0,
                    "zone": ""
                  },
                  {
                    "region": "ke-1",
                    "used": 0,
                    "value": 0,
                    "zone": ""
                  },
                  {
                    "region": "kz-1",
                    "used": 0,
                    "value": 0,
                    "zone": ""
                  },
                  {
                    "region": "ru-1",
                    "used": 0,
                    "value": 0,
                    "zone": ""
                  },
                  {
                    "region": "ru-2",
                    "used": 0,
                    "value": 0,
                    "zone": ""
                  },
                  {
                    "region": "ru-3",
                    "used": 0,
                    "value": 0,
                    "zone": ""
                  },
                  {
                    "region": "ru-6",
                    "used": 0,
                    "value": 0,
                    "zone": ""
                  },
                  {
                    "region": "ru-7",
                    "used": 0,
                    "value": 0,
                    "zone": ""
                  },
                  {
                    "region": "ru-8",
                    "used": 0,
                    "value": 0,
                    "zone": ""
                  },
                  {
                    "region": "ru-9",
                    "used": 0,
                    "value": 0,
                    "zone": ""
                  },
                  {
                    "region": "uz-1",
                    "used": 0,
                    "value": 0,
                    "zone": ""
                  },
                  {
                    "region": "uz-2",
                    "used": 0,
                    "value": 0,
                    "zone": ""
                  }
                ]
              },
              {
                "resource_name": "network_subnets_29",
                "resource_quotas": [
                  {
                    "region": "gis-1",
                    "used": 0,
                    "value": 1,
                    "zone": ""
                  },
                  {
                    "region": "gis-2",
                    "used": 0,
                    "value": 1,
                    "zone": ""
                  },
                  {
                    "region": "ke-1",
                    "used": 0,
                    "value": 1,
                    "zone": ""
                  },
                  {
                    "region": "kz-1",
                    "used": 0,
                    "value": 1,
                    "zone": ""
                  },
                  {
                    "region": "ru-1",
                    "used": 0,
                    "value": 1,
                    "zone": ""
                  },
                  {
                    "region": "ru-2",
                    "used": 0,
                    "value": 1,
                    "zone": ""
                  },
                  {
                    "region": "ru-3",
                    "used": 0,
                    "value": 1,
                    "zone": ""
                  },
                  {
                    "region": "ru-6",
                    "used": 0,
                    "value": 1,
                    "zone": ""
                  },
                  {
                    "region": "ru-7",
                    "used": 0,
                    "value": 1,
                    "zone": ""
                  },
                  {
                    "region": "ru-8",
                    "used": 0,
                    "value": 1,
                    "zone": ""
                  },
                  {
                    "region": "ru-9",
                    "used": 0,
                    "value": 1,
                    "zone": ""
                  },
                  {
                    "region": "uz-1",
                    "used": 0,
                    "value": 1,
                    "zone": ""
                  },
                  {
                    "region": "uz-2",
                    "used": 0,
                    "value": 1,
                    "zone": ""
                  }
                ]
              },
              {
                "resource_name": "private_dns_services",
                "resource_quotas": [
                  {
                    "region": "gis-1",
                    "used": 0,
                    "value": 10,
                    "zone": ""
                  },
                  {
                    "region": "gis-2",
                    "used": 0,
                    "value": 10,
                    "zone": ""
                  },
                  {
                    "region": "ke-1",
                    "used": 0,
                    "value": 10,
                    "zone": ""
                  },
                  {
                    "region": "kz-1",
                    "used": 0,
                    "value": 10,
                    "zone": ""
                  },
                  {
                    "region": "ru-1",
                    "used": 0,
                    "value": 10,
                    "zone": ""
                  },
                  {
                    "region": "ru-2",
                    "used": 0,
                    "value": 10,
                    "zone": ""
                  },
                  {
                    "region": "ru-3",
                    "used": 0,
                    "value": 10,
                    "zone": ""
                  },
                  {
                    "region": "ru-6",
                    "used": 0,
                    "value": 10,
                    "zone": ""
                  },
                  {
                    "region": "ru-7",
                    "used": 0,
                    "value": 10,
                    "zone": ""
                  },
                  {
                    "region": "ru-8",
                    "used": 0,
                    "value": 10,
                    "zone": ""
                  },
                  {
                    "region": "ru-9",
                    "used": 0,
                    "value": 10,
                    "zone": ""
                  },
                  {
                    "region": "uz-1",
                    "used": 0,
                    "value": 10,
                    "zone": ""
                  },
                  {
                    "region": "uz-2",
                    "used": 0,
                    "value": 10,
                    "zone": ""
                  }
                ]
              },
              {
                "resource_name": "share_gigabytes_basic",
                "resource_quotas": [
                  {
                    "region": "gis-1",
                    "used": 0,
                    "value": 51200,
                    "zone": "gis-1a"
                  },
                  {
                    "region": "gis-2",
                    "used": 0,
                    "value": 51200,
                    "zone": "gis-2a"
                  },
                  {
                    "region": "ke-1",
                    "used": 0,
                    "value": 51200,
                    "zone": "ke-1a"
                  },
                  {
                    "region": "kz-1",
                    "used": 0,
                    "value": 51200,
                    "zone": "kz-1a"
                  },
                  {
                    "region": "ru-1",
                    "used": 0,
                    "value": 51200,
                    "zone": "ru-1a"
                  },
                  {
                    "region": "ru-1",
                    "used": 0,
                    "value": 51200,
                    "zone": "ru-1b"
                  },
                  {
                    "region": "ru-1",
                    "used": 0,
                    "value": 51200,
                    "zone": "ru-1c"
                  },
                  {
                    "region": "ru-2",
                    "used": 0,
                    "value": 51200,
                    "zone": "ru-2a"
                  },
                  {
                    "region": "ru-2",
                    "used": 0,
                    "value": 51200,
                    "zone": "ru-2b"
                  },
                  {
                    "region": "ru-2",
                    "used": 0,
                    "value": 51200,
                    "zone": "ru-2c"
                  },
                  {
                    "region": "ru-3",
                    "used": 0,
                    "value": 51200,
                    "zone": "ru-3a"
                  },
                  {
                    "region": "ru-3",
                    "used": 0,
                    "value": 51200,
                    "zone": "ru-3b"
                  },
                  {
                    "region": "ru-6",
                    "used": 0,
                    "value": 51200,
                    "zone": "ru-6a"
                  },
                  {
                    "region": "ru-6",
                    "used": 0,
                    "value": 51200,
                    "zone": "ru-6b"
                  },
                  {
                    "region": "ru-6",
                    "used": 0,
                    "value": 51200,
                    "zone": "ru-6c"
                  },
                  {
                    "region": "ru-7",
                    "used": 0,
                    "value": 51200,
                    "zone": "ru-7a"
                  },
                  {
                    "region": "ru-7",
                    "used": 0,
                    "value": 51200,
                    "zone": "ru-7b"
                  },
                  {
                    "region": "ru-8",
                    "used": 0,
                    "value": 51200,
                    "zone": "ru-8a"
                  },
                  {
                    "region": "ru-9",
                    "used": 0,
                    "value": 51200,
                    "zone": "ru-9a"
                  },
                  {
                    "region": "uz-1",
                    "used": 0,
                    "value": 51200,
                    "zone": "uz-1a"
                  },
                  {
                    "region": "uz-2",
                    "used": 0,
                    "value": 51200,
                    "zone": "uz-2a"
                  }
                ]
              },
              {
                "resource_name": "share_gigabytes_fast",
                "resource_quotas": [
                  {
                    "region": "gis-1",
                    "used": 0,
                    "value": 51200,
                    "zone": "gis-1a"
                  },
                  {
                    "region": "gis-2",
                    "used": 0,
                    "value": 51200,
                    "zone": "gis-2a"
                  },
                  {
                    "region": "ke-1",
                    "used": 0,
                    "value": 51200,
                    "zone": "ke-1a"
                  },
                  {
                    "region": "kz-1",
                    "used": 0,
                    "value": 51200,
                    "zone": "kz-1a"
                  },
                  {
                    "region": "ru-1",
                    "used": 0,
                    "value": 51200,
                    "zone": "ru-1c"
                  },
                  {
                    "region": "ru-2",
                    "used": 0,
                    "value": 51200,
                    "zone": "ru-2c"
                  },
                  {
                    "region": "ru-3",
                    "used": 0,
                    "value": 51200,
                    "zone": "ru-3b"
                  },
                  {
                    "region": "ru-6",
                    "used": 0,
                    "value": 51200,
                    "zone": "ru-6a"
                  },
                  {
                    "region": "ru-6",
                    "used": 0,
                    "value": 51200,
                    "zone": "ru-6b"
                  },
                  {
                    "region": "ru-6",
                    "used": 0,
                    "value": 51200,
                    "zone": "ru-6c"
                  },
                  {
                    "region": "ru-7",
                    "used": 0,
                    "value": 51200,
                    "zone": "ru-7a"
                  },
                  {
                    "region": "ru-7",
                    "used": 0,
                    "value": 51200,
                    "zone": "ru-7b"
                  },
                  {
                    "region": "ru-8",
                    "used": 0,
                    "value": 51200,
                    "zone": "ru-8a"
                  },
                  {
                    "region": "ru-9",
                    "used": 0,
                    "value": 51200,
                    "zone": "ru-9a"
                  },
                  {
                    "region": "uz-1",
                    "used": 0,
                    "value": 51200,
                    "zone": "uz-1a"
                  },
                  {
                    "region": "uz-2",
                    "used": 0,
                    "value": 51200,
                    "zone": "uz-2a"
                  }
                ]
              },
              {
                "resource_name": "share_gigabytes_universal",
                "resource_quotas": [
                  {
                    "region": "gis-1",
                    "used": 0,
                    "value": 51200,
                    "zone": "gis-1a"
                  },
                  {
                    "region": "gis-2",
                    "used": 0,
                    "value": 51200,
                    "zone": "gis-2a"
                  },
                  {
                    "region": "ke-1",
                    "used": 0,
                    "value": 51200,
                    "zone": "ke-1a"
                  },
                  {
                    "region": "kz-1",
                    "used": 0,
                    "value": 51200,
                    "zone": "kz-1a"
                  },
                  {
                    "region": "ru-1",
                    "used": 0,
                    "value": 51200,
                    "zone": "ru-1c"
                  },
                  {
                    "region": "ru-2",
                    "used": 0,
                    "value": 51200,
                    "zone": "ru-2c"
                  },
                  {
                    "region": "ru-3",
                    "used": 0,
                    "value": 51200,
                    "zone": "ru-3b"
                  },
                  {
                    "region": "ru-6",
                    "used": 0,
                    "value": 51200,
                    "zone": "ru-6a"
                  },
                  {
                    "region": "ru-6",
                    "used": 0,
                    "value": 51200,
                    "zone": "ru-6b"
                  },
                  {
                    "region": "ru-6",
                    "used": 0,
                    "value": 51200,
                    "zone": "ru-6c"
                  },
                  {
                    "region": "ru-7",
                    "used": 0,
                    "value": 51200,
                    "zone": "ru-7a"
                  },
                  {
                    "region": "ru-7",
                    "used": 0,
                    "value": 51200,
                    "zone": "ru-7b"
                  },
                  {
                    "region": "ru-8",
                    "used": 0,
                    "value": 51200,
                    "zone": "ru-8a"
                  },
                  {
                    "region": "ru-9",
                    "used": 0,
                    "value": 51200,
                    "zone": "ru-9a"
                  },
                  {
                    "region": "uz-1",
                    "used": 0,
                    "value": 51200,
                    "zone": "uz-1a"
                  },
                  {
                    "region": "uz-2",
                    "used": 0,
                    "value": 51200,
                    "zone": "uz-2a"
                  }
                ]
              },
              {
                "resource_name": "volume_gigabytes_basic",
                "resource_quotas": [
                  {
                    "region": "gis-1",
                    "used": 0,
                    "value": 10000,
                    "zone": "gis-1a"
                  },
                  {
                    "region": "gis-2",
                    "used": 0,
                    "value": 10000,
                    "zone": "gis-2a"
                  },
                  {
                    "region": "ke-1",
                    "used": 0,
                    "value": 1000,
                    "zone": "ke-1a"
                  },
                  {
                    "region": "kz-1",
                    "used": 0,
                    "value": 10000,
                    "zone": "kz-1a"
                  },
                  {
                    "region": "ru-1",
                    "used": 0,
                    "value": 10000,
                    "zone": "ru-1a"
                  },
                  {
                    "region": "ru-1",
                    "used": 0,
                    "value": 10000,
                    "zone": "ru-1b"
                  },
                  {
                    "region": "ru-1",
                    "used": 0,
                    "value": 10000,
                    "zone": "ru-1c"
                  },
                  {
                    "region": "ru-2",
                    "used": 0,
                    "value": 10000,
                    "zone": "ru-2a"
                  },
                  {
                    "region": "ru-2",
                    "used": 0,
                    "value": 10000,
                    "zone": "ru-2b"
                  },
                  {
                    "region": "ru-2",
                    "used": 0,
                    "value": 10000,
                    "zone": "ru-2c"
                  },
                  {
                    "region": "ru-3",
                    "used": 0,
                    "value": 10000,
                    "zone": "ru-3a"
                  },
                  {
                    "region": "ru-3",
                    "used": 0,
                    "value": 5000,
                    "zone": "ru-3b"
                  },
                  {
                    "region": "ru-6",
                    "used": 0,
                    "value": 10000,
                    "zone": "ru-6a"
                  },
                  {
                    "region": "ru-6",
                    "used": 0,
                    "value": 10000,
                    "zone": "ru-6b"
                  },
                  {
                    "region": "ru-6",
                    "used": 0,
                    "value": 10000,
                    "zone": "ru-6c"
                  },
                  {
                    "region": "ru-7",
                    "used": 0,
                    "value": 10000,
                    "zone": "ru-7a"
                  },
                  {
                    "region": "ru-7",
                    "used": 0,
                    "value": 10000,
                    "zone": "ru-7b"
                  },
                  {
                    "region": "ru-8",
                    "used": 0,
                    "value": 10000,
                    "zone": "ru-8a"
                  },
                  {
                    "region": "ru-9",
                    "used": 0,
                    "value": 10000,
                    "zone": "ru-9a"
                  },
                  {
                    "region": "uz-1",
                    "used": 0,
                    "value": 10000,
                    "zone": "uz-1a"
                  },
                  {
                    "region": "uz-2",
                    "used": 0,
                    "value": 10000,
                    "zone": "uz-2a"
                  }
                ]
              },
              {
                "resource_name": "volume_gigabytes_basicssd",
                "resource_quotas": [
                  {
                    "region": "ru-2",
                    "used": 0,
                    "value": 600,
                    "zone": "ru-2b"
                  },
                  {
                    "region": "ru-2",
                    "used": 0,
                    "value": 600,
                    "zone": "ru-2c"
                  },
                  {
                    "region": "ru-3",
                    "used": 0,
                    "value": 600,
                    "zone": "ru-3b"
                  },
                  {
                    "region": "ru-7",
                    "used": 0,
                    "value": 600,
                    "zone": "ru-7a"
                  },
                  {
                    "region": "ru-7",
                    "used": 0,
                    "value": 600,
                    "zone": "ru-7b"
                  },
                  {
                    "region": "ru-8",
                    "used": 0,
                    "value": 600,
                    "zone": "ru-8a"
                  },
                  {
                    "region": "ru-9",
                    "used": 0,
                    "value": 600,
                    "zone": "ru-9a"
                  }
                ]
              },
              {
                "resource_name": "volume_gigabytes_fast",
                "resource_quotas": [
                  {
                    "region": "gis-1",
                    "used": 0,
                    "value": 5000,
                    "zone": "gis-1a"
                  },
                  {
                    "region": "gis-2",
                    "used": 0,
                    "value": 5000,
                    "zone": "gis-2a"
                  },
                  {
                    "region": "ke-1",
                    "used": 0,
                    "value": 1000,
                    "zone": "ke-1a"
                  },
                  {
                    "region": "kz-1",
                    "used": 0,
                    "value": 5000,
                    "zone": "kz-1a"
                  },
                  {
                    "region": "ru-1",
                    "used": 0,
                    "value": 1000,
                    "zone": "ru-1a"
                  },
                  {
                    "region": "ru-1",
                    "used": 0,
                    "value": 1000,
                    "zone": "ru-1b"
                  },
                  {
                    "region": "ru-1",
                    "used": 0,
                    "value": 5000,
                    "zone": "ru-1c"
                  },
                  {
                    "region": "ru-2",
                    "used": 0,
                    "value": 5000,
                    "zone": "ru-2b"
                  },
                  {
                    "region": "ru-2",
                    "used": 0,
                    "value": 5000,
                    "zone": "ru-2c"
                  },
                  {
                    "region": "ru-2",
                    "used": 20,
                    "value": 100,
                    "zone": "ru-2a"
                  },
                  {
                    "region": "ru-3",
                    "used": 0,
                    "value": 100,
                    "zone": "ru-3a"
                  },
                  {
                    "region": "ru-3",
                    "used": 0,
                    "value": 5000,
                    "zone": "ru-3b"
                  },
                  {
                    "region": "ru-7",
                    "used": 0,
                    "value": 5000,
                    "zone": "ru-7a"
                  },
                  {
                    "region": "ru-7",
                    "used": 0,
                    "value": 5000,
                    "zone": "ru-7b"
                  },
                  {
                    "region": "ru-8",
                    "used": 0,
                    "value": 1000,
                    "zone": "ru-8a"
                  },
                  {
                    "region": "ru-9",
                    "used": 0,
                    "value": 5000,
                    "zone": "ru-9a"
                  },
                  {
                    "region": "uz-1",
                    "used": 0,
                    "value": 5000,
                    "zone": "uz-1a"
                  },
                  {
                    "region": "uz-2",
                    "used": 0,
                    "value": 5000,
                    "zone": "uz-2a"
                  }
                ]
              },
              {
                "resource_name": "volume_gigabytes_fast2",
                "resource_quotas": [
                  {
                    "region": "ru-6",
                    "used": 0,
                    "value": 10000,
                    "zone": "ru-6a"
                  },
                  {
                    "region": "ru-6",
                    "used": 0,
                    "value": 10000,
                    "zone": "ru-6b"
                  },
                  {
                    "region": "ru-6",
                    "used": 0,
                    "value": 10000,
                    "zone": "ru-6c"
                  }
                ]
              },
              {
                "resource_name": "volume_gigabytes_local",
                "resource_quotas": [
                  {
                    "region": "gis-1",
                    "used": 0,
                    "value": 2000,
                    "zone": "gis-1a"
                  },
                  {
                    "region": "gis-2",
                    "used": 0,
                    "value": 2000,
                    "zone": "gis-2a"
                  },
                  {
                    "region": "ke-1",
                    "used": 0,
                    "value": 128,
                    "zone": "ke-1a"
                  },
                  {
                    "region": "kz-1",
                    "used": 0,
                    "value": 2000,
                    "zone": "kz-1a"
                  },
                  {
                    "region": "ru-1",
                    "used": 0,
                    "value": 5000,
                    "zone": "ru-1c"
                  },
                  {
                    "region": "ru-1",
                    "used": 0,
                    "value": 500,
                    "zone": "ru-1a"
                  },
                  {
                    "region": "ru-1",
                    "used": 0,
                    "value": 500,
                    "zone": "ru-1b"
                  },
                  {
                    "region": "ru-2",
                    "used": 0,
                    "value": 0,
                    "zone": "ru-2a"
                  },
                  {
                    "region": "ru-2",
                    "used": 0,
                    "value": 1000,
                    "zone": "ru-2b"
                  },
                  {
                    "region": "ru-2",
                    "used": 0,
                    "value": 2000,
                    "zone": "ru-2c"
                  },
                  {
                    "region": "ru-3",
                    "used": 0,
                    "value": 1000,
                    "zone": "ru-3a"
                  },
                  {
                    "region": "ru-3",
                    "used": 0,
                    "value": 2000,
                    "zone": "ru-3b"
                  },
                  {
                    "region": "ru-6",
                    "used": 0,
                    "value": 2000,
                    "zone": "ru-6a"
                  },
                  {
                    "region": "ru-6",
                    "used": 0,
                    "value": 2000,
                    "zone": "ru-6b"
                  },
                  {
                    "region": "ru-6",
                    "used": 0,
                    "value": 2000,
                    "zone": "ru-6c"
                  },
                  {
                    "region": "ru-7",
                    "used": 0,
                    "value": 5000,
                    "zone": "ru-7a"
                  },
                  {
                    "region": "ru-7",
                    "used": 0,
                    "value": 8000,
                    "zone": "ru-7b"
                  },
                  {
                    "region": "ru-8",
                    "used": 0,
                    "value": 500,
                    "zone": "ru-8a"
                  },
                  {
                    "region": "ru-9",
                    "used": 0,
                    "value": 500,
                    "zone": "ru-9a"
                  },
                  {
                    "region": "uz-1",
                    "used": 0,
                    "value": 2000,
                    "zone": "uz-1a"
                  },
                  {
                    "region": "uz-2",
                    "used": 0,
                    "value": 2000,
                    "zone": "uz-2a"
                  }
                ]
              },
              {
                "resource_name": "volume_gigabytes_universal",
                "resource_quotas": [
                  {
                    "region": "gis-1",
                    "used": 0,
                    "value": 10000,
                    "zone": "gis-1a"
                  },
                  {
                    "region": "gis-2",
                    "used": 0,
                    "value": 10000,
                    "zone": "gis-2a"
                  },
                  {
                    "region": "ke-1",
                    "used": 0,
                    "value": 1000,
                    "zone": "ke-1a"
                  },
                  {
                    "region": "kz-1",
                    "used": 0,
                    "value": 10000,
                    "zone": "kz-1a"
                  },
                  {
                    "region": "ru-1",
                    "used": 0,
                    "value": 10000,
                    "zone": "ru-1c"
                  },
                  {
                    "region": "ru-1",
                    "used": 0,
                    "value": 1000,
                    "zone": "ru-1a"
                  },
                  {
                    "region": "ru-1",
                    "used": 0,
                    "value": 1000,
                    "zone": "ru-1b"
                  },
                  {
                    "region": "ru-2",
                    "used": 0,
                    "value": 10000,
                    "zone": "ru-2b"
                  },
                  {
                    "region": "ru-2",
                    "used": 0,
                    "value": 1000,
                    "zone": "ru-2a"
                  },
                  {
                    "region": "ru-2",
                    "used": 0,
                    "value": 1000,
                    "zone": "ru-2c"
                  },
                  {
                    "region": "ru-3",
                    "used": 0,
                    "value": 10000,
                    "zone": "ru-3a"
                  },
                  {
                    "region": "ru-3",
                    "used": 0,
                    "value": 5000,
                    "zone": "ru-3b"
                  },
                  {
                    "region": "ru-7",
                    "used": 0,
                    "value": 10000,
                    "zone": "ru-7a"
                  },
                  {
                    "region": "ru-7",
                    "used": 0,
                    "value": 10000,
                    "zone": "ru-7b"
                  },
                  {
                    "region": "ru-8",
                    "used": 0,
                    "value": 1000,
                    "zone": "ru-8a"
                  },
                  {
                    "region": "ru-9",
                    "used": 0,
                    "value": 10000,
                    "zone": "ru-9a"
                  },
                  {
                    "region": "uz-1",
                    "used": 0,
                    "value": 10000,
                    "zone": "uz-1a"
                  },
                  {
                    "region": "uz-2",
                    "used": 0,
                    "value": 10000,
                    "zone": "uz-2a"
                  }
                ]
              },
              {
                "resource_name": "volume_gigabytes_universal2",
                "resource_quotas": [
                  {
                    "region": "gis-1",
                    "used": 0,
                    "value": 10000,
                    "zone": "gis-1a"
                  },
                  {
                    "region": "gis-2",
                    "used": 0,
                    "value": 10000,
                    "zone": "gis-2a"
                  },
                  {
                    "region": "ke-1",
                    "used": 0,
                    "value": 1000,
                    "zone": "ke-1a"
                  },
                  {
                    "region": "kz-1",
                    "used": 0,
                    "value": 10000,
                    "zone": "kz-1a"
                  },
                  {
                    "region": "ru-2",
                    "used": 0,
                    "value": 1000,
                    "zone": "ru-2c"
                  },
                  {
                    "region": "ru-3",
                    "used": 0,
                    "value": 5000,
                    "zone": "ru-3b"
                  },
                  {
                    "region": "ru-6",
                    "used": 0,
                    "value": 10000,
                    "zone": "ru-6a"
                  },
                  {
                    "region": "ru-6",
                    "used": 0,
                    "value": 10000,
                    "zone": "ru-6b"
                  },
                  {
                    "region": "ru-6",
                    "used": 0,
                    "value": 10000,
                    "zone": "ru-6c"
                  },
                  {
                    "region": "ru-7",
                    "used": 0,
                    "value": 10000,
                    "zone": "ru-7a"
                  },
                  {
                    "region": "ru-7",
                    "used": 0,
                    "value": 10000,
                    "zone": "ru-7b"
                  },
                  {
                    "region": "ru-8",
                    "used": 0,
                    "value": 1000,
                    "zone": "ru-8a"
                  },
                  {
                    "region": "ru-9",
                    "used": 0,
                    "value": 10000,
                    "zone": "ru-9a"
                  },
                  {
                    "region": "uz-1",
                    "used": 0,
                    "value": 10000,
                    "zone": "uz-1a"
                  },
                  {
                    "region": "uz-2",
                    "used": 0,
                    "value": 10000,
                    "zone": "uz-2a"
                  }
                ]
              }
            ],
            "custom_url": "",
            "enabled": true,
            "id": "d77a2494d49d417daa2c366a2c4851c0",
            "name": "msk-backend-project",
            "quotas": [
              {
                "resource_name": "compute_cores",
                "resource_quotas": [
                  {
                    "region": "ru-2",
                    "value": 12,
                    "zone": "ru-2a"
                  }
                ]
              },
              {
                "resource_name": "compute_ram",
                "resource_quotas": [
                  {
                    "region": "ru-2",
                    "value": 20480,
                    "zone": "ru-2a"
                  }
                ]
              },
              {
                "resource_name": "volume_gigabytes_fast",
                "resource_quotas": [
                  {
                    "region": "ru-2",
                    "value": 100,
                    "zone": "ru-2a"
                  }
                ]
              }
            ],
            "theme": {},
            "url": "https://2173338.selvpc.ru"
          },
          "sensitive_attributes": [],
          "private": "bnVsbA=="
        }
      ]
    }
  ],
  "check_results": null
}
